// !$*UTF8*$!
{
	archiveVersion = 1;
	classes = {
	};
	objectVersion = 56;
	objects = {

/* Begin PBXBuildFile section */
		D50453B72A2CEF1100F1360B /* DeepLabV3Plus-mobileone_s3.mlpackage in Sources */ = {isa = PBXBuildFile; fileRef = D50453B62A2CEF1100F1360B /* DeepLabV3Plus-mobileone_s3.mlpackage */; };
		D5088FA32982A77200088359 /* Wallpaper_PreviewerApp.swift in Sources */ = {isa = PBXBuildFile; fileRef = D5088FA22982A77200088359 /* Wallpaper_PreviewerApp.swift */; };
		D5088FA52982A77200088359 /* ContentView.swift in Sources */ = {isa = PBXBuildFile; fileRef = D5088FA42982A77200088359 /* ContentView.swift */; };
		D5088FA72982A77300088359 /* Assets.xcassets in Resources */ = {isa = PBXBuildFile; fileRef = D5088FA62982A77300088359 /* Assets.xcassets */; };
		D5088FAA2982A77300088359 /* Preview Assets.xcassets in Resources */ = {isa = PBXBuildFile; fileRef = D5088FA92982A77300088359 /* Preview Assets.xcassets */; };
		D5088FB12982A78100088359 /* ImagePicker.swift in Sources */ = {isa = PBXBuildFile; fileRef = D5088FB02982A78100088359 /* ImagePicker.swift */; };
		D513A1F4298D721300771077 /* UIImage+Conversions.swift in Sources */ = {isa = PBXBuildFile; fileRef = D513A1F3298D721300771077 /* UIImage+Conversions.swift */; };
		D548879A29ABB016003A543B /* SegmentationVisualizationView.swift in Sources */ = {isa = PBXBuildFile; fileRef = D548879929ABB016003A543B /* SegmentationVisualizationView.swift */; };
		D54887A529ABD0F6003A543B /* MLMultiArray+Helpers.swift in Sources */ = {isa = PBXBuildFile; fileRef = D54887A429ABD0F6003A543B /* MLMultiArray+Helpers.swift */; };
		D54887A729ABD120003A543B /* Math.swift in Sources */ = {isa = PBXBuildFile; fileRef = D54887A629ABD120003A543B /* Math.swift */; };
		D54D5C6429ADF92900701A42 /* SegmentationModelArgmax.mlmodel in Sources */ = {isa = PBXBuildFile; fileRef = D54D5C6329ADF92900701A42 /* SegmentationModelArgmax.mlmodel */; };
		D54D5C6629AE85CD00701A42 /* UIImage+Orientation.swift in Sources */ = {isa = PBXBuildFile; fileRef = D54D5C6529AE85CD00701A42 /* UIImage+Orientation.swift */; };
		D57AEDB12A9A26D2005A6E9A /* Model.swift in Sources */ = {isa = PBXBuildFile; fileRef = D57AEDB02A9A26D2005A6E9A /* Model.swift */; };
		D57AEDB32A9A2784005A6E9A /* flip_combined_layoutnet_persp_mlprogram.mlpackage in Sources */ = {isa = PBXBuildFile; fileRef = D57AEDB22A9A2784005A6E9A /* flip_combined_layoutnet_persp_mlprogram.mlpackage */; };
		D57AEDB62A9A2CC0005A6E9A /* ContentViewModel.swift in Sources */ = {isa = PBXBuildFile; fileRef = D57AEDB52A9A2CC0005A6E9A /* ContentViewModel.swift */; };
		D5852D0A2987014D00877628 /* libtexture_synthesis_adapter.a in Frameworks */ = {isa = PBXBuildFile; fileRef = D5852D08298700D600877628 /* libtexture_synthesis_adapter.a */; };
		D58811A2299E26F2000F815C /* Wallpaper_Previewer_Tests.swift in Sources */ = {isa = PBXBuildFile; fileRef = D58811A1299E26F2000F815C /* Wallpaper_Previewer_Tests.swift */; };
		D58811AF299E27F7000F815C /* Wallpaper_Previewer_UITests.swift in Sources */ = {isa = PBXBuildFile; fileRef = D58811AE299E27F7000F815C /* Wallpaper_Previewer_UITests.swift */; };
		D58811B1299E27F7000F815C /* Wallpaper_Previewer_UITestsLaunchTests.swift in Sources */ = {isa = PBXBuildFile; fileRef = D58811B0299E27F7000F815C /* Wallpaper_Previewer_UITestsLaunchTests.swift */; };
		D5A41CB829E1D84400693D9C /* ComposableArchitecture in Frameworks */ = {isa = PBXBuildFile; productRef = D5A41CB729E1D84400693D9C /* ComposableArchitecture */; };
		D5A41CBA29E1D86800693D9C /* Feature.swift in Sources */ = {isa = PBXBuildFile; fileRef = D5A41CB929E1D86800693D9C /* Feature.swift */; };
		D5AD2D7729B4E7FF00C25B03 /* water.jpeg in Resources */ = {isa = PBXBuildFile; fileRef = D5AD2D7629B4E7FF00C25B03 /* water.jpeg */; };
		D5BB738629AE8C9300C1C885 /* Orientation.swift in Sources */ = {isa = PBXBuildFile; fileRef = D5BB738529AE8C9300C1C885 /* Orientation.swift */; };
/* End PBXBuildFile section */

/* Begin PBXContainerItemProxy section */
		D58811A3299E26F2000F815C /* PBXContainerItemProxy */ = {
			isa = PBXContainerItemProxy;
			containerPortal = D5088F972982A77200088359 /* Project object */;
			proxyType = 1;
			remoteGlobalIDString = D5088F9E2982A77200088359;
			remoteInfo = "Wallpaper Previewer";
		};
		D58811B2299E27F7000F815C /* PBXContainerItemProxy */ = {
			isa = PBXContainerItemProxy;
			containerPortal = D5088F972982A77200088359 /* Project object */;
			proxyType = 1;
			remoteGlobalIDString = D5088F9E2982A77200088359;
			remoteInfo = "Wallpaper Previewer";
		};
/* End PBXContainerItemProxy section */

/* Begin PBXFileReference section */
		D50453B62A2CEF1100F1360B /* DeepLabV3Plus-mobileone_s3.mlpackage */ = {isa = PBXFileReference; lastKnownFileType = folder.mlpackage; path = "DeepLabV3Plus-mobileone_s3.mlpackage"; sourceTree = "<group>"; };
		D5088F9F2982A77200088359 /* Wallpaper Previewer.app */ = {isa = PBXFileReference; explicitFileType = wrapper.application; includeInIndex = 0; path = "Wallpaper Previewer.app"; sourceTree = BUILT_PRODUCTS_DIR; };
		D5088FA22982A77200088359 /* Wallpaper_PreviewerApp.swift */ = {isa = PBXFileReference; lastKnownFileType = sourcecode.swift; path = Wallpaper_PreviewerApp.swift; sourceTree = "<group>"; };
		D5088FA42982A77200088359 /* ContentView.swift */ = {isa = PBXFileReference; lastKnownFileType = sourcecode.swift; path = ContentView.swift; sourceTree = "<group>"; };
		D5088FA62982A77300088359 /* Assets.xcassets */ = {isa = PBXFileReference; lastKnownFileType = folder.assetcatalog; path = Assets.xcassets; sourceTree = "<group>"; };
		D5088FA92982A77300088359 /* Preview Assets.xcassets */ = {isa = PBXFileReference; lastKnownFileType = folder.assetcatalog; path = "Preview Assets.xcassets"; sourceTree = "<group>"; };
		D5088FB02982A78100088359 /* ImagePicker.swift */ = {isa = PBXFileReference; lastKnownFileType = sourcecode.swift; path = ImagePicker.swift; sourceTree = "<group>"; };
		D513A1F3298D721300771077 /* UIImage+Conversions.swift */ = {isa = PBXFileReference; lastKnownFileType = sourcecode.swift; path = "UIImage+Conversions.swift"; sourceTree = "<group>"; };
		D548879929ABB016003A543B /* SegmentationVisualizationView.swift */ = {isa = PBXFileReference; lastKnownFileType = sourcecode.swift; path = SegmentationVisualizationView.swift; sourceTree = "<group>"; };
		D54887A429ABD0F6003A543B /* MLMultiArray+Helpers.swift */ = {isa = PBXFileReference; lastKnownFileType = sourcecode.swift; path = "MLMultiArray+Helpers.swift"; sourceTree = "<group>"; };
		D54887A629ABD120003A543B /* Math.swift */ = {isa = PBXFileReference; lastKnownFileType = sourcecode.swift; path = Math.swift; sourceTree = "<group>"; };
		D54D5C6329ADF92900701A42 /* SegmentationModelArgmax.mlmodel */ = {isa = PBXFileReference; lastKnownFileType = file.mlmodel; path = SegmentationModelArgmax.mlmodel; sourceTree = "<group>"; };
		D54D5C6529AE85CD00701A42 /* UIImage+Orientation.swift */ = {isa = PBXFileReference; lastKnownFileType = sourcecode.swift; path = "UIImage+Orientation.swift"; sourceTree = "<group>"; };
		D57ACD282A23C92C009B0AF1 /* TextureSynthesisAdapter.h */ = {isa = PBXFileReference; fileEncoding = 4; lastKnownFileType = sourcecode.c.h; path = TextureSynthesisAdapter.h; sourceTree = "<group>"; };
		D57AEDB02A9A26D2005A6E9A /* Model.swift */ = {isa = PBXFileReference; lastKnownFileType = sourcecode.swift; path = Model.swift; sourceTree = "<group>"; };
		D57AEDB22A9A2784005A6E9A /* flip_combined_layoutnet_persp_mlprogram.mlpackage */ = {isa = PBXFileReference; lastKnownFileType = folder.mlpackage; path = flip_combined_layoutnet_persp_mlprogram.mlpackage; sourceTree = "<group>"; };
		D57AEDB52A9A2CC0005A6E9A /* ContentViewModel.swift */ = {isa = PBXFileReference; lastKnownFileType = sourcecode.swift; path = ContentViewModel.swift; sourceTree = "<group>"; };
		D5852D032985B67900877628 /* FfiBridge.h */ = {isa = PBXFileReference; lastKnownFileType = sourcecode.c.h; path = FfiBridge.h; sourceTree = "<group>"; };
		D5852D08298700D600877628 /* libtexture_synthesis_adapter.a */ = {isa = PBXFileReference; lastKnownFileType = archive.ar; name = libtexture_synthesis_adapter.a; path = target/release/libtexture_synthesis_adapter.a; sourceTree = "<group>"; };
		D588119F299E26F2000F815C /* Wallpaper Previewer Tests.xctest */ = {isa = PBXFileReference; explicitFileType = wrapper.cfbundle; includeInIndex = 0; path = "Wallpaper Previewer Tests.xctest"; sourceTree = BUILT_PRODUCTS_DIR; };
		D58811A1299E26F2000F815C /* Wallpaper_Previewer_Tests.swift */ = {isa = PBXFileReference; lastKnownFileType = sourcecode.swift; path = Wallpaper_Previewer_Tests.swift; sourceTree = "<group>"; };
		D58811AC299E27F7000F815C /* Wallpaper Previewer UITests.xctest */ = {isa = PBXFileReference; explicitFileType = wrapper.cfbundle; includeInIndex = 0; path = "Wallpaper Previewer UITests.xctest"; sourceTree = BUILT_PRODUCTS_DIR; };
		D58811AE299E27F7000F815C /* Wallpaper_Previewer_UITests.swift */ = {isa = PBXFileReference; lastKnownFileType = sourcecode.swift; path = Wallpaper_Previewer_UITests.swift; sourceTree = "<group>"; };
		D58811B0299E27F7000F815C /* Wallpaper_Previewer_UITestsLaunchTests.swift */ = {isa = PBXFileReference; lastKnownFileType = sourcecode.swift; path = Wallpaper_Previewer_UITestsLaunchTests.swift; sourceTree = "<group>"; };
		D5A41CB929E1D86800693D9C /* Feature.swift */ = {isa = PBXFileReference; lastKnownFileType = sourcecode.swift; path = Feature.swift; sourceTree = "<group>"; };
		D5AD2D7629B4E7FF00C25B03 /* water.jpeg */ = {isa = PBXFileReference; lastKnownFileType = image.jpeg; path = water.jpeg; sourceTree = "<group>"; };
		D5BB738529AE8C9300C1C885 /* Orientation.swift */ = {isa = PBXFileReference; lastKnownFileType = sourcecode.swift; path = Orientation.swift; sourceTree = "<group>"; };
/* End PBXFileReference section */

/* Begin PBXFrameworksBuildPhase section */
		D5088F9C2982A77200088359 /* Frameworks */ = {
			isa = PBXFrameworksBuildPhase;
			buildActionMask = 2147483647;
			files = (
				D5A41CB829E1D84400693D9C /* ComposableArchitecture in Frameworks */,
				D5852D0A2987014D00877628 /* libtexture_synthesis_adapter.a in Frameworks */,
			);
			runOnlyForDeploymentPostprocessing = 0;
		};
		D588119C299E26F2000F815C /* Frameworks */ = {
			isa = PBXFrameworksBuildPhase;
			buildActionMask = 2147483647;
			files = (
			);
			runOnlyForDeploymentPostprocessing = 0;
		};
		D58811A9299E27F7000F815C /* Frameworks */ = {
			isa = PBXFrameworksBuildPhase;
			buildActionMask = 2147483647;
			files = (
			);
			runOnlyForDeploymentPostprocessing = 0;
		};
/* End PBXFrameworksBuildPhase section */

/* Begin PBXGroup section */
		D5088F962982A77200088359 = {
			isa = PBXGroup;
			children = (
				D5088FA12982A77200088359 /* Wallpaper Previewer */,
				D58811A0299E26F2000F815C /* Wallpaper Previewer Tests */,
				D58811AD299E27F7000F815C /* Wallpaper Previewer UITests */,
				D5088FA02982A77200088359 /* Products */,
				D5852D07298700D500877628 /* Frameworks */,
			);
			sourceTree = "<group>";
		};
		D5088FA02982A77200088359 /* Products */ = {
			isa = PBXGroup;
			children = (
				D5088F9F2982A77200088359 /* Wallpaper Previewer.app */,
				D588119F299E26F2000F815C /* Wallpaper Previewer Tests.xctest */,
				D58811AC299E27F7000F815C /* Wallpaper Previewer UITests.xctest */,
			);
			name = Products;
			sourceTree = "<group>";
		};
		D5088FA12982A77200088359 /* Wallpaper Previewer */ = {
			isa = PBXGroup;
			children = (
				D57AEDB42A9A278A005A6E9A /* Models */,
				D57ACD282A23C92C009B0AF1 /* TextureSynthesisAdapter.h */,
				D5AD2D7629B4E7FF00C25B03 /* water.jpeg */,
				D513A1F2298D71F500771077 /* Utils */,
				D5088FA22982A77200088359 /* Wallpaper_PreviewerApp.swift */,
				D5088FA42982A77200088359 /* ContentView.swift */,
				D5088FB02982A78100088359 /* ImagePicker.swift */,
				D5852D032985B67900877628 /* FfiBridge.h */,
				D5088FA62982A77300088359 /* Assets.xcassets */,
				D54D5C6329ADF92900701A42 /* SegmentationModelArgmax.mlmodel */,
				D5088FA82982A77300088359 /* Preview Content */,
				D548879929ABB016003A543B /* SegmentationVisualizationView.swift */,
				D5A41CB929E1D86800693D9C /* Feature.swift */,
				D57AEDB52A9A2CC0005A6E9A /* ContentViewModel.swift */,
			);
			path = "Wallpaper Previewer";
			sourceTree = "<group>";
		};
		D5088FA82982A77300088359 /* Preview Content */ = {
			isa = PBXGroup;
			children = (
				D5088FA92982A77300088359 /* Preview Assets.xcassets */,
			);
			path = "Preview Content";
			sourceTree = "<group>";
		};
		D513A1F2298D71F500771077 /* Utils */ = {
			isa = PBXGroup;
			children = (
				D513A1F3298D721300771077 /* UIImage+Conversions.swift */,
				D54887A429ABD0F6003A543B /* MLMultiArray+Helpers.swift */,
				D54887A629ABD120003A543B /* Math.swift */,
				D54D5C6529AE85CD00701A42 /* UIImage+Orientation.swift */,
				D5BB738529AE8C9300C1C885 /* Orientation.swift */,
			);
			path = Utils;
			sourceTree = "<group>";
		};
		D57AEDB42A9A278A005A6E9A /* Models */ = {
			isa = PBXGroup;
			children = (
				D57AEDB02A9A26D2005A6E9A /* Model.swift */,
				D57AEDB22A9A2784005A6E9A /* flip_combined_layoutnet_persp_mlprogram.mlpackage */,
				D50453B62A2CEF1100F1360B /* DeepLabV3Plus-mobileone_s3.mlpackage */,
			);
			path = Models;
			sourceTree = "<group>";
		};
		D5852D07298700D500877628 /* Frameworks */ = {
			isa = PBXGroup;
			children = (
				D5852D08298700D600877628 /* libtexture_synthesis_adapter.a */,
			);
			name = Frameworks;
			sourceTree = "<group>";
		};
		D58811A0299E26F2000F815C /* Wallpaper Previewer Tests */ = {
			isa = PBXGroup;
			children = (
				D58811A1299E26F2000F815C /* Wallpaper_Previewer_Tests.swift */,
			);
			path = "Wallpaper Previewer Tests";
			sourceTree = "<group>";
		};
		D58811AD299E27F7000F815C /* Wallpaper Previewer UITests */ = {
			isa = PBXGroup;
			children = (
				D58811AE299E27F7000F815C /* Wallpaper_Previewer_UITests.swift */,
				D58811B0299E27F7000F815C /* Wallpaper_Previewer_UITestsLaunchTests.swift */,
			);
			path = "Wallpaper Previewer UITests";
			sourceTree = "<group>";
		};
/* End PBXGroup section */

/* Begin PBXNativeTarget section */
		D5088F9E2982A77200088359 /* Wallpaper Previewer */ = {
			isa = PBXNativeTarget;
			buildConfigurationList = D5088FAD2982A77300088359 /* Build configuration list for PBXNativeTarget "Wallpaper Previewer" */;
			buildPhases = (
				D5852D022985B62700877628 /* Build Rust Library */,
				D5088F9B2982A77200088359 /* Sources */,
				D5088F9C2982A77200088359 /* Frameworks */,
				D5088F9D2982A77200088359 /* Resources */,
			);
			buildRules = (
			);
			dependencies = (
			);
			name = "Wallpaper Previewer";
			packageProductDependencies = (
				D5A41CB729E1D84400693D9C /* ComposableArchitecture */,
			);
			productName = "Wallpaper Previewer";
			productReference = D5088F9F2982A77200088359 /* Wallpaper Previewer.app */;
			productType = "com.apple.product-type.application";
		};
		D588119E299E26F2000F815C /* Wallpaper Previewer Tests */ = {
			isa = PBXNativeTarget;
			buildConfigurationList = D58811A5299E26F2000F815C /* Build configuration list for PBXNativeTarget "Wallpaper Previewer Tests" */;
			buildPhases = (
				D588119B299E26F2000F815C /* Sources */,
				D588119C299E26F2000F815C /* Frameworks */,
				D588119D299E26F2000F815C /* Resources */,
			);
			buildRules = (
			);
			dependencies = (
				D58811A4299E26F2000F815C /* PBXTargetDependency */,
			);
			name = "Wallpaper Previewer Tests";
			productName = "Wallpaper Previewer Tests";
			productReference = D588119F299E26F2000F815C /* Wallpaper Previewer Tests.xctest */;
			productType = "com.apple.product-type.bundle.unit-test";
		};
		D58811AB299E27F7000F815C /* Wallpaper Previewer UITests */ = {
			isa = PBXNativeTarget;
			buildConfigurationList = D58811B4299E27F7000F815C /* Build configuration list for PBXNativeTarget "Wallpaper Previewer UITests" */;
			buildPhases = (
				D58811A8299E27F7000F815C /* Sources */,
				D58811A9299E27F7000F815C /* Frameworks */,
				D58811AA299E27F7000F815C /* Resources */,
			);
			buildRules = (
			);
			dependencies = (
				D58811B3299E27F7000F815C /* PBXTargetDependency */,
			);
			name = "Wallpaper Previewer UITests";
			productName = "Wallpaper Previewer UITests";
			productReference = D58811AC299E27F7000F815C /* Wallpaper Previewer UITests.xctest */;
			productType = "com.apple.product-type.bundle.ui-testing";
		};
/* End PBXNativeTarget section */

/* Begin PBXProject section */
		D5088F972982A77200088359 /* Project object */ = {
			isa = PBXProject;
			attributes = {
				BuildIndependentTargetsInParallel = 1;
				LastSwiftUpdateCheck = 1420;
				LastUpgradeCheck = 1420;
				TargetAttributes = {
					D5088F9E2982A77200088359 = {
						CreatedOnToolsVersion = 14.2;
						LastSwiftMigration = 1420;
					};
					D588119E299E26F2000F815C = {
						CreatedOnToolsVersion = 14.2;
						TestTargetID = D5088F9E2982A77200088359;
					};
					D58811AB299E27F7000F815C = {
						CreatedOnToolsVersion = 14.2;
						TestTargetID = D5088F9E2982A77200088359;
					};
				};
			};
			buildConfigurationList = D5088F9A2982A77200088359 /* Build configuration list for PBXProject "Wallpaper Previewer" */;
			compatibilityVersion = "Xcode 14.0";
			developmentRegion = en;
			hasScannedForEncodings = 0;
			knownRegions = (
				en,
				Base,
			);
			mainGroup = D5088F962982A77200088359;
			packageReferences = (
				D5A41CB629E1D84400693D9C /* XCRemoteSwiftPackageReference "swift-composable-architecture" */,
			);
			productRefGroup = D5088FA02982A77200088359 /* Products */;
			projectDirPath = "";
			projectRoot = "";
			targets = (
				D5088F9E2982A77200088359 /* Wallpaper Previewer */,
				D588119E299E26F2000F815C /* Wallpaper Previewer Tests */,
				D58811AB299E27F7000F815C /* Wallpaper Previewer UITests */,
			);
		};
/* End PBXProject section */

/* Begin PBXResourcesBuildPhase section */
		D5088F9D2982A77200088359 /* Resources */ = {
			isa = PBXResourcesBuildPhase;
			buildActionMask = 2147483647;
			files = (
				D5AD2D7729B4E7FF00C25B03 /* water.jpeg in Resources */,
				D5088FAA2982A77300088359 /* Preview Assets.xcassets in Resources */,
				D5088FA72982A77300088359 /* Assets.xcassets in Resources */,
			);
			runOnlyForDeploymentPostprocessing = 0;
		};
		D588119D299E26F2000F815C /* Resources */ = {
			isa = PBXResourcesBuildPhase;
			buildActionMask = 2147483647;
			files = (
			);
			runOnlyForDeploymentPostprocessing = 0;
		};
		D58811AA299E27F7000F815C /* Resources */ = {
			isa = PBXResourcesBuildPhase;
			buildActionMask = 2147483647;
			files = (
			);
			runOnlyForDeploymentPostprocessing = 0;
		};
/* End PBXResourcesBuildPhase section */

/* Begin PBXShellScriptBuildPhase section */
		D5852D022985B62700877628 /* Build Rust Library */ = {
			isa = PBXShellScriptBuildPhase;
			buildActionMask = 2147483647;
			files = (
			);
			inputFileListPaths = (
			);
			inputPaths = (
			);
			name = "Build Rust Library";
			outputFileListPaths = (
			);
			outputPaths = (
			);
			runOnlyForDeploymentPostprocessing = 0;
			shellPath = /bin/sh;
			shellScript = "bash \"${PROJECT_DIR}/bin/compile-library.sh\" texture_synthesis_adapter $buildvariant\n";
		};
/* End PBXShellScriptBuildPhase section */

/* Begin PBXSourcesBuildPhase section */
		D5088F9B2982A77200088359 /* Sources */ = {
			isa = PBXSourcesBuildPhase;
			buildActionMask = 2147483647;
			files = (
				D5088FB12982A78100088359 /* ImagePicker.swift in Sources */,
				D50453B72A2CEF1100F1360B /* DeepLabV3Plus-mobileone_s3.mlpackage in Sources */,
				D5088FA52982A77200088359 /* ContentView.swift in Sources */,
				D54D5C6429ADF92900701A42 /* SegmentationModelArgmax.mlmodel in Sources */,
				D54887A729ABD120003A543B /* Math.swift in Sources */,
				D513A1F4298D721300771077 /* UIImage+Conversions.swift in Sources */,
				D57AEDB12A9A26D2005A6E9A /* Model.swift in Sources */,
				D5A41CBA29E1D86800693D9C /* Feature.swift in Sources */,
				D548879A29ABB016003A543B /* SegmentationVisualizationView.swift in Sources */,
				D5BB738629AE8C9300C1C885 /* Orientation.swift in Sources */,
				D5088FA32982A77200088359 /* Wallpaper_PreviewerApp.swift in Sources */,
				D54887A529ABD0F6003A543B /* MLMultiArray+Helpers.swift in Sources */,
				D57AEDB32A9A2784005A6E9A /* flip_combined_layoutnet_persp_mlprogram.mlpackage in Sources */,
				D54D5C6629AE85CD00701A42 /* UIImage+Orientation.swift in Sources */,
				D57AEDB62A9A2CC0005A6E9A /* ContentViewModel.swift in Sources */,
			);
			runOnlyForDeploymentPostprocessing = 0;
		};
		D588119B299E26F2000F815C /* Sources */ = {
			isa = PBXSourcesBuildPhase;
			buildActionMask = 2147483647;
			files = (
				D58811A2299E26F2000F815C /* Wallpaper_Previewer_Tests.swift in Sources */,
			);
			runOnlyForDeploymentPostprocessing = 0;
		};
		D58811A8299E27F7000F815C /* Sources */ = {
			isa = PBXSourcesBuildPhase;
			buildActionMask = 2147483647;
			files = (
				D58811AF299E27F7000F815C /* Wallpaper_Previewer_UITests.swift in Sources */,
				D58811B1299E27F7000F815C /* Wallpaper_Previewer_UITestsLaunchTests.swift in Sources */,
			);
			runOnlyForDeploymentPostprocessing = 0;
		};
/* End PBXSourcesBuildPhase section */

/* Begin PBXTargetDependency section */
		D58811A4299E26F2000F815C /* PBXTargetDependency */ = {
			isa = PBXTargetDependency;
			target = D5088F9E2982A77200088359 /* Wallpaper Previewer */;
			targetProxy = D58811A3299E26F2000F815C /* PBXContainerItemProxy */;
		};
		D58811B3299E27F7000F815C /* PBXTargetDependency */ = {
			isa = PBXTargetDependency;
			target = D5088F9E2982A77200088359 /* Wallpaper Previewer */;
			targetProxy = D58811B2299E27F7000F815C /* PBXContainerItemProxy */;
		};
/* End PBXTargetDependency section */

/* Begin XCBuildConfiguration section */
		D5088FAB2982A77300088359 /* Debug */ = {
			isa = XCBuildConfiguration;
			buildSettings = {
				ALWAYS_SEARCH_USER_PATHS = NO;
				CLANG_ANALYZER_NONNULL = YES;
				CLANG_ANALYZER_NUMBER_OBJECT_CONVERSION = YES_AGGRESSIVE;
				CLANG_CXX_LANGUAGE_STANDARD = "gnu++20";
				CLANG_ENABLE_MODULES = YES;
				CLANG_ENABLE_OBJC_ARC = YES;
				CLANG_ENABLE_OBJC_WEAK = YES;
				CLANG_WARN_BLOCK_CAPTURE_AUTORELEASING = YES;
				CLANG_WARN_BOOL_CONVERSION = YES;
				CLANG_WARN_COMMA = YES;
				CLANG_WARN_CONSTANT_CONVERSION = YES;
				CLANG_WARN_DEPRECATED_OBJC_IMPLEMENTATIONS = YES;
				CLANG_WARN_DIRECT_OBJC_ISA_USAGE = YES_ERROR;
				CLANG_WARN_DOCUMENTATION_COMMENTS = YES;
				CLANG_WARN_EMPTY_BODY = YES;
				CLANG_WARN_ENUM_CONVERSION = YES;
				CLANG_WARN_INFINITE_RECURSION = YES;
				CLANG_WARN_INT_CONVERSION = YES;
				CLANG_WARN_NON_LITERAL_NULL_CONVERSION = YES;
				CLANG_WARN_OBJC_IMPLICIT_RETAIN_SELF = YES;
				CLANG_WARN_OBJC_LITERAL_CONVERSION = YES;
				CLANG_WARN_OBJC_ROOT_CLASS = YES_ERROR;
				CLANG_WARN_QUOTED_INCLUDE_IN_FRAMEWORK_HEADER = YES;
				CLANG_WARN_RANGE_LOOP_ANALYSIS = YES;
				CLANG_WARN_STRICT_PROTOTYPES = YES;
				CLANG_WARN_SUSPICIOUS_MOVE = YES;
				CLANG_WARN_UNGUARDED_AVAILABILITY = YES_AGGRESSIVE;
				CLANG_WARN_UNREACHABLE_CODE = YES;
				CLANG_WARN__DUPLICATE_METHOD_MATCH = YES;
				COPY_PHASE_STRIP = NO;
				DEBUG_INFORMATION_FORMAT = dwarf;
				ENABLE_STRICT_OBJC_MSGSEND = YES;
				ENABLE_TESTABILITY = YES;
				GCC_C_LANGUAGE_STANDARD = gnu11;
				GCC_DYNAMIC_NO_PIC = NO;
				GCC_NO_COMMON_BLOCKS = YES;
				GCC_OPTIMIZATION_LEVEL = 0;
				GCC_PREPROCESSOR_DEFINITIONS = (
					"DEBUG=1",
					"$(inherited)",
				);
				GCC_WARN_64_TO_32_BIT_CONVERSION = YES;
				GCC_WARN_ABOUT_RETURN_TYPE = YES_ERROR;
				GCC_WARN_UNDECLARED_SELECTOR = YES;
				GCC_WARN_UNINITIALIZED_AUTOS = YES_AGGRESSIVE;
				GCC_WARN_UNUSED_FUNCTION = YES;
				GCC_WARN_UNUSED_VARIABLE = YES;
				IPHONEOS_DEPLOYMENT_TARGET = 16.2;
				MTL_ENABLE_DEBUG_INFO = INCLUDE_SOURCE;
				MTL_FAST_MATH = YES;
				ONLY_ACTIVE_ARCH = YES;
				SDKROOT = iphoneos;
				SWIFT_ACTIVE_COMPILATION_CONDITIONS = DEBUG;
				SWIFT_OPTIMIZATION_LEVEL = "-Onone";
			};
			name = Debug;
		};
		D5088FAC2982A77300088359 /* Release */ = {
			isa = XCBuildConfiguration;
			buildSettings = {
				ALWAYS_SEARCH_USER_PATHS = NO;
				CLANG_ANALYZER_NONNULL = YES;
				CLANG_ANALYZER_NUMBER_OBJECT_CONVERSION = YES_AGGRESSIVE;
				CLANG_CXX_LANGUAGE_STANDARD = "gnu++20";
				CLANG_ENABLE_MODULES = YES;
				CLANG_ENABLE_OBJC_ARC = YES;
				CLANG_ENABLE_OBJC_WEAK = YES;
				CLANG_WARN_BLOCK_CAPTURE_AUTORELEASING = YES;
				CLANG_WARN_BOOL_CONVERSION = YES;
				CLANG_WARN_COMMA = YES;
				CLANG_WARN_CONSTANT_CONVERSION = YES;
				CLANG_WARN_DEPRECATED_OBJC_IMPLEMENTATIONS = YES;
				CLANG_WARN_DIRECT_OBJC_ISA_USAGE = YES_ERROR;
				CLANG_WARN_DOCUMENTATION_COMMENTS = YES;
				CLANG_WARN_EMPTY_BODY = YES;
				CLANG_WARN_ENUM_CONVERSION = YES;
				CLANG_WARN_INFINITE_RECURSION = YES;
				CLANG_WARN_INT_CONVERSION = YES;
				CLANG_WARN_NON_LITERAL_NULL_CONVERSION = YES;
				CLANG_WARN_OBJC_IMPLICIT_RETAIN_SELF = YES;
				CLANG_WARN_OBJC_LITERAL_CONVERSION = YES;
				CLANG_WARN_OBJC_ROOT_CLASS = YES_ERROR;
				CLANG_WARN_QUOTED_INCLUDE_IN_FRAMEWORK_HEADER = YES;
				CLANG_WARN_RANGE_LOOP_ANALYSIS = YES;
				CLANG_WARN_STRICT_PROTOTYPES = YES;
				CLANG_WARN_SUSPICIOUS_MOVE = YES;
				CLANG_WARN_UNGUARDED_AVAILABILITY = YES_AGGRESSIVE;
				CLANG_WARN_UNREACHABLE_CODE = YES;
				CLANG_WARN__DUPLICATE_METHOD_MATCH = YES;
				COPY_PHASE_STRIP = NO;
				DEBUG_INFORMATION_FORMAT = "dwarf-with-dsym";
				ENABLE_NS_ASSERTIONS = NO;
				ENABLE_STRICT_OBJC_MSGSEND = YES;
				GCC_C_LANGUAGE_STANDARD = gnu11;
				GCC_NO_COMMON_BLOCKS = YES;
				GCC_WARN_64_TO_32_BIT_CONVERSION = YES;
				GCC_WARN_ABOUT_RETURN_TYPE = YES_ERROR;
				GCC_WARN_UNDECLARED_SELECTOR = YES;
				GCC_WARN_UNINITIALIZED_AUTOS = YES_AGGRESSIVE;
				GCC_WARN_UNUSED_FUNCTION = YES;
				GCC_WARN_UNUSED_VARIABLE = YES;
				IPHONEOS_DEPLOYMENT_TARGET = 16.2;
				MTL_ENABLE_DEBUG_INFO = NO;
				MTL_FAST_MATH = YES;
				SDKROOT = iphoneos;
				SWIFT_COMPILATION_MODE = wholemodule;
				SWIFT_OPTIMIZATION_LEVEL = "-O";
				VALIDATE_PRODUCT = YES;
			};
			name = Release;
		};
		D5088FAE2982A77300088359 /* Debug */ = {
			isa = XCBuildConfiguration;
			buildSettings = {
				ASSETCATALOG_COMPILER_APPICON_NAME = AppIcon;
				ASSETCATALOG_COMPILER_GLOBAL_ACCENT_COLOR_NAME = AccentColor;
				CLANG_ENABLE_MODULES = YES;
				CODE_SIGN_STYLE = Automatic;
				CURRENT_PROJECT_VERSION = 1;
				DEVELOPMENT_ASSET_PATHS = "\"Wallpaper Previewer/Preview Content\"";
				DEVELOPMENT_TEAM = P5S7UA87V6;
				ENABLE_PREVIEWS = YES;
				GENERATE_INFOPLIST_FILE = YES;
				INFOPLIST_KEY_NSCameraUsageDescription = "Camera is required";
				INFOPLIST_KEY_UIApplicationSceneManifest_Generation = YES;
				INFOPLIST_KEY_UIApplicationSupportsIndirectInputEvents = YES;
				INFOPLIST_KEY_UILaunchScreen_Generation = YES;
				INFOPLIST_KEY_UISupportedInterfaceOrientations_iPad = "UIInterfaceOrientationPortrait UIInterfaceOrientationPortraitUpsideDown UIInterfaceOrientationLandscapeLeft UIInterfaceOrientationLandscapeRight";
				INFOPLIST_KEY_UISupportedInterfaceOrientations_iPhone = "UIInterfaceOrientationPortrait UIInterfaceOrientationLandscapeLeft UIInterfaceOrientationLandscapeRight";
				LD_RUNPATH_SEARCH_PATHS = (
					"$(inherited)",
					"@executable_path/Frameworks",
				);
				"LIBRARY_SEARCH_PATHS[sdk=iphoneos*][arch=arm64]" = "$(PROJECT_DIR)/target/aarch64-apple-ios/debug";
				"LIBRARY_SEARCH_PATHS[sdk=iphonesimulator*][arch=arm64]" = "$(PROJECT_DIR)/target/aarch64-apple-ios-sim/debug";
				"LIBRARY_SEARCH_PATHS[sdk=iphonesimulator*][arch=x86_64]" = "$(PROJECT_DIR)/target/x86_64-apple-ios/debug";
				MARKETING_VERSION = 1.0;
				PRODUCT_BUNDLE_IDENTIFIER = "lv.rikharthu.Wallpaper-Previewer";
				PRODUCT_NAME = "$(TARGET_NAME)";
				SWIFT_EMIT_LOC_STRINGS = YES;
				SWIFT_OBJC_BRIDGING_HEADER = "$(PROJECT_DIR)/Wallpaper Previewer/FfiBridge.h";
				SWIFT_OPTIMIZATION_LEVEL = "-Onone";
				SWIFT_VERSION = 5.0;
				TARGETED_DEVICE_FAMILY = "1,2";
				buildvariant = debug;
			};
			name = Debug;
		};
		D5088FAF2982A77300088359 /* Release */ = {
			isa = XCBuildConfiguration;
			buildSettings = {
				ASSETCATALOG_COMPILER_APPICON_NAME = AppIcon;
				ASSETCATALOG_COMPILER_GLOBAL_ACCENT_COLOR_NAME = AccentColor;
				CLANG_ENABLE_MODULES = YES;
				CODE_SIGN_STYLE = Automatic;
				CURRENT_PROJECT_VERSION = 1;
				DEVELOPMENT_ASSET_PATHS = "\"Wallpaper Previewer/Preview Content\"";
				DEVELOPMENT_TEAM = P5S7UA87V6;
				ENABLE_PREVIEWS = YES;
				GENERATE_INFOPLIST_FILE = YES;
				INFOPLIST_KEY_NSCameraUsageDescription = "Camera is required";
				INFOPLIST_KEY_UIApplicationSceneManifest_Generation = YES;
				INFOPLIST_KEY_UIApplicationSupportsIndirectInputEvents = YES;
				INFOPLIST_KEY_UILaunchScreen_Generation = YES;
				INFOPLIST_KEY_UISupportedInterfaceOrientations_iPad = "UIInterfaceOrientationPortrait UIInterfaceOrientationPortraitUpsideDown UIInterfaceOrientationLandscapeLeft UIInterfaceOrientationLandscapeRight";
				INFOPLIST_KEY_UISupportedInterfaceOrientations_iPhone = "UIInterfaceOrientationPortrait UIInterfaceOrientationLandscapeLeft UIInterfaceOrientationLandscapeRight";
				LD_RUNPATH_SEARCH_PATHS = (
					"$(inherited)",
					"@executable_path/Frameworks",
				);
				"LIBRARY_SEARCH_PATHS[sdk=iphoneos*][arch=arm64]" = "$(PROJECT_DIR)/target/aarch64-apple-ios/release";
				"LIBRARY_SEARCH_PATHS[sdk=iphonesimulator*][arch=arm64]" = "$(PROJECT_DIR)/target/aarch64-apple-ios-sim/release";
				"LIBRARY_SEARCH_PATHS[sdk=iphonesimulator*][arch=x86_64]" = "$(PROJECT_DIR)/target/x86_64-apple-ios/release";
				MARKETING_VERSION = 1.0;
				PRODUCT_BUNDLE_IDENTIFIER = "lv.rikharthu.Wallpaper-Previewer";
				PRODUCT_NAME = "$(TARGET_NAME)";
				SWIFT_EMIT_LOC_STRINGS = YES;
				SWIFT_OBJC_BRIDGING_HEADER = "$(PROJECT_DIR)/Wallpaper Previewer/FfiBridge.h";
				SWIFT_VERSION = 5.0;
				TARGETED_DEVICE_FAMILY = "1,2";
				buildvariant = release;
			};
			name = Release;
		};
		D58811A6299E26F2000F815C /* Debug */ = {
			isa = XCBuildConfiguration;
			buildSettings = {
				BUNDLE_LOADER = "$(TEST_HOST)";
				CODE_SIGN_STYLE = Automatic;
				CURRENT_PROJECT_VERSION = 1;
				DEVELOPMENT_TEAM = P5S7UA87V6;
				GENERATE_INFOPLIST_FILE = YES;
				MARKETING_VERSION = 1.0;
				PRODUCT_BUNDLE_IDENTIFIER = "lv.rikharthu.Wallpaper-Previewer-Tests";
				PRODUCT_NAME = "$(TARGET_NAME)";
				SWIFT_EMIT_LOC_STRINGS = NO;
				SWIFT_VERSION = 5.0;
				TARGETED_DEVICE_FAMILY = "1,2";
				TEST_HOST = "$(BUILT_PRODUCTS_DIR)/Wallpaper Previewer.app/$(BUNDLE_EXECUTABLE_FOLDER_PATH)/Wallpaper Previewer";
			};
			name = Debug;
		};
		D58811A7299E26F2000F815C /* Release */ = {
			isa = XCBuildConfiguration;
			buildSettings = {
				BUNDLE_LOADER = "$(TEST_HOST)";
				CODE_SIGN_STYLE = Automatic;
				CURRENT_PROJECT_VERSION = 1;
				DEVELOPMENT_TEAM = P5S7UA87V6;
				GENERATE_INFOPLIST_FILE = YES;
				MARKETING_VERSION = 1.0;
				PRODUCT_BUNDLE_IDENTIFIER = "lv.rikharthu.Wallpaper-Previewer-Tests";
				PRODUCT_NAME = "$(TARGET_NAME)";
				SWIFT_EMIT_LOC_STRINGS = NO;
				SWIFT_VERSION = 5.0;
				TARGETED_DEVICE_FAMILY = "1,2";
				TEST_HOST = "$(BUILT_PRODUCTS_DIR)/Wallpaper Previewer.app/$(BUNDLE_EXECUTABLE_FOLDER_PATH)/Wallpaper Previewer";
			};
			name = Release;
		};
		D58811B5299E27F7000F815C /* Debug */ = {
			isa = XCBuildConfiguration;
			buildSettings = {
				CODE_SIGN_STYLE = Automatic;
				CURRENT_PROJECT_VERSION = 1;
				DEVELOPMENT_TEAM = P5S7UA87V6;
				GENERATE_INFOPLIST_FILE = YES;
				MARKETING_VERSION = 1.0;
				PRODUCT_BUNDLE_IDENTIFIER = "lv.rikharthu.Wallpaper-Previewer-UITests";
				PRODUCT_NAME = "$(TARGET_NAME)";
				SWIFT_EMIT_LOC_STRINGS = NO;
				SWIFT_VERSION = 5.0;
				TARGETED_DEVICE_FAMILY = "1,2";
				TEST_TARGET_NAME = "Wallpaper Previewer";
			};
			name = Debug;
		};
		D58811B6299E27F7000F815C /* Release */ = {
			isa = XCBuildConfiguration;
			buildSettings = {
				CODE_SIGN_STYLE = Automatic;
				CURRENT_PROJECT_VERSION = 1;
				DEVELOPMENT_TEAM = P5S7UA87V6;
				GENERATE_INFOPLIST_FILE = YES;
				MARKETING_VERSION = 1.0;
				PRODUCT_BUNDLE_IDENTIFIER = "lv.rikharthu.Wallpaper-Previewer-UITests";
				PRODUCT_NAME = "$(TARGET_NAME)";
				SWIFT_EMIT_LOC_STRINGS = NO;
				SWIFT_VERSION = 5.0;
				TARGETED_DEVICE_FAMILY = "1,2";
				TEST_TARGET_NAME = "Wallpaper Previewer";
			};
			name = Release;
		};
/* End XCBuildConfiguration section */

/* Begin XCConfigurationList section */
		D5088F9A2982A77200088359 /* Build configuration list for PBXProject "Wallpaper Previewer" */ = {
			isa = XCConfigurationList;
			buildConfigurations = (
				D5088FAB2982A77300088359 /* Debug */,
				D5088FAC2982A77300088359 /* Release */,
			);
			defaultConfigurationIsVisible = 0;
			defaultConfigurationName = Release;
		};
		D5088FAD2982A77300088359 /* Build configuration list for PBXNativeTarget "Wallpaper Previewer" */ = {
			isa = XCConfigurationList;
			buildConfigurations = (
				D5088FAE2982A77300088359 /* Debug */,
				D5088FAF2982A77300088359 /* Release */,
			);
			defaultConfigurationIsVisible = 0;
			defaultConfigurationName = Release;
		};
		D58811A5299E26F2000F815C /* Build configuration list for PBXNativeTarget "Wallpaper Previewer Tests" */ = {
			isa = XCConfigurationList;
			buildConfigurations = (
				D58811A6299E26F2000F815C /* Debug */,
				D58811A7299E26F2000F815C /* Release */,
			);
			defaultConfigurationIsVisible = 0;
			defaultConfigurationName = Release;
		};
		D58811B4299E27F7000F815C /* Build configuration list for PBXNativeTarget "Wallpaper Previewer UITests" */ = {
			isa = XCConfigurationList;
			buildConfigurations = (
				D58811B5299E27F7000F815C /* Debug */,
				D58811B6299E27F7000F815C /* Release */,
			);
			defaultConfigurationIsVisible = 0;
			defaultConfigurationName = Release;
		};
/* End XCConfigurationList section */

/* Begin XCRemoteSwiftPackageReference section */
		D5A41CB629E1D84400693D9C /* XCRemoteSwiftPackageReference "swift-composable-architecture" */ = {
			isa = XCRemoteSwiftPackageReference;
			repositoryURL = "https://github.com/pointfreeco/swift-composable-architecture";
			requirement = {
				kind = upToNextMajorVersion;
				minimumVersion = 0.52.0;
			};
		};
/* End XCRemoteSwiftPackageReference section */

/* Begin XCSwiftPackageProductDependency section */
		D5A41CB729E1D84400693D9C /* ComposableArchitecture */ = {
			isa = XCSwiftPackageProductDependency;
			package = D5A41CB629E1D84400693D9C /* XCRemoteSwiftPackageReference "swift-composable-architecture" */;
			productName = ComposableArchitecture;
		};
/* End XCSwiftPackageProductDependency section */
	};
	rootObject = D5088F972982A77200088359 /* Project object */;
}
