// !$*UTF8*$!
{
	archiveVersion = 1;
	classes = {
	};
	objectVersion = 56;
	objects = {

/* Begin PBXBuildFile section */
		D50380A62AB2001D007933A6 /* GalleryScreen.swift in Sources */ = {isa = PBXBuildFile; fileRef = D50380A52AB2001D007933A6 /* GalleryScreen.swift */; };
		D50380A82AB20312007933A6 /* GalleryHeaderView.swift in Sources */ = {isa = PBXBuildFile; fileRef = D50380A72AB20312007933A6 /* GalleryHeaderView.swift */; };
		D50380B02AB205DA007933A6 /* Views_PlaygroundApp.swift in Sources */ = {isa = PBXBuildFile; fileRef = D50380AF2AB205DA007933A6 /* Views_PlaygroundApp.swift */; };
		D50380B22AB205DA007933A6 /* ContentView.swift in Sources */ = {isa = PBXBuildFile; fileRef = D50380B12AB205DA007933A6 /* ContentView.swift */; };
		D50380B42AB205DC007933A6 /* Assets.xcassets in Resources */ = {isa = PBXBuildFile; fileRef = D50380B32AB205DC007933A6 /* Assets.xcassets */; };
		D50380B72AB205DC007933A6 /* Preview Assets.xcassets in Resources */ = {isa = PBXBuildFile; fileRef = D50380B62AB205DC007933A6 /* Preview Assets.xcassets */; };
		D50380BC2AB20DC6007933A6 /* GalleryType.swift in Sources */ = {isa = PBXBuildFile; fileRef = D50380BB2AB20DC6007933A6 /* GalleryType.swift */; };
		D50380BE2AB211D2007933A6 /* BottomTabBarView.swift in Sources */ = {isa = PBXBuildFile; fileRef = D50380BD2AB211D1007933A6 /* BottomTabBarView.swift */; };
		D50380C02AB21238007933A6 /* TabBarItemView.swift in Sources */ = {isa = PBXBuildFile; fileRef = D50380BF2AB21238007933A6 /* TabBarItemView.swift */; };
		D50380C22AB216D6007933A6 /* PreviewButton.swift in Sources */ = {isa = PBXBuildFile; fileRef = D50380C12AB216D6007933A6 /* PreviewButton.swift */; };
		D50380C42AB21BD3007933A6 /* TabType.swift in Sources */ = {isa = PBXBuildFile; fileRef = D50380C32AB21BD3007933A6 /* TabType.swift */; };
		D5088FA32982A77200088359 /* Wallpaper_PreviewerApp.swift in Sources */ = {isa = PBXBuildFile; fileRef = D5088FA22982A77200088359 /* Wallpaper_PreviewerApp.swift */; };
		D5088FA52982A77200088359 /* ContentView.swift in Sources */ = {isa = PBXBuildFile; fileRef = D5088FA42982A77200088359 /* ContentView.swift */; };
		D5088FA72982A77300088359 /* Assets.xcassets in Resources */ = {isa = PBXBuildFile; fileRef = D5088FA62982A77300088359 /* Assets.xcassets */; };
		D5088FAA2982A77300088359 /* Preview Assets.xcassets in Resources */ = {isa = PBXBuildFile; fileRef = D5088FA92982A77300088359 /* Preview Assets.xcassets */; };
		D5088FB12982A78100088359 /* ImagePicker.swift in Sources */ = {isa = PBXBuildFile; fileRef = D5088FB02982A78100088359 /* ImagePicker.swift */; };
		D513A1F4298D721300771077 /* UIImage+Extensions.swift in Sources */ = {isa = PBXBuildFile; fileRef = D513A1F3298D721300771077 /* UIImage+Extensions.swift */; };
		D535115A2ABA0DA3009B9029 /* MLMultiArray+Utils.swift in Sources */ = {isa = PBXBuildFile; fileRef = D53511592ABA0DA3009B9029 /* MLMultiArray+Utils.swift */; };
		D535115C2ABA1131009B9029 /* RoomLayout.swift in Sources */ = {isa = PBXBuildFile; fileRef = D535115B2ABA1131009B9029 /* RoomLayout.swift */; };
		D535115E2ABA1157009B9029 /* RoomType.swift in Sources */ = {isa = PBXBuildFile; fileRef = D535115D2ABA1157009B9029 /* RoomType.swift */; };
		D53511602ABA11BE009B9029 /* Line.swift in Sources */ = {isa = PBXBuildFile; fileRef = D535115F2ABA11BE009B9029 /* Line.swift */; };
		D53511622ABA11F4009B9029 /* Point.swift in Sources */ = {isa = PBXBuildFile; fileRef = D53511612ABA11F4009B9029 /* Point.swift */; };
		D53511642ABA125C009B9029 /* Polygon.swift in Sources */ = {isa = PBXBuildFile; fileRef = D53511632ABA125C009B9029 /* Polygon.swift */; };
		D53511662ABA12E7009B9029 /* RoomLayout+Conversions.swift in Sources */ = {isa = PBXBuildFile; fileRef = D53511652ABA12E7009B9029 /* RoomLayout+Conversions.swift */; };
		D53D25B32ABDF8ED005846E0 /* SeedData.swift in Sources */ = {isa = PBXBuildFile; fileRef = D53D25B22ABDF8ED005846E0 /* SeedData.swift */; };
		D548879A29ABB016003A543B /* SegmentationVisualizationView.swift in Sources */ = {isa = PBXBuildFile; fileRef = D548879929ABB016003A543B /* SegmentationVisualizationView.swift */; };
		D54887A529ABD0F6003A543B /* MLMultiArray+Helpers.swift in Sources */ = {isa = PBXBuildFile; fileRef = D54887A429ABD0F6003A543B /* MLMultiArray+Helpers.swift */; };
		D54887A729ABD120003A543B /* Math.swift in Sources */ = {isa = PBXBuildFile; fileRef = D54887A629ABD120003A543B /* Math.swift */; };
		D54D5C6629AE85CD00701A42 /* UIImage+Orientation.swift in Sources */ = {isa = PBXBuildFile; fileRef = D54D5C6529AE85CD00701A42 /* UIImage+Orientation.swift */; };
		D5552DE52ACC8A7000851C0A /* NavigationManager.swift in Sources */ = {isa = PBXBuildFile; fileRef = D5552DE42ACC8A7000851C0A /* NavigationManager.swift */; };
		D5552DE82ACC8B9E00851C0A /* Navigator.swift in Sources */ = {isa = PBXBuildFile; fileRef = D5552DE72ACC8B9E00851C0A /* Navigator.swift */; };
		D5552DEA2ACC8C5600851C0A /* View+RouteIterator.swift in Sources */ = {isa = PBXBuildFile; fileRef = D5552DE92ACC8C5600851C0A /* View+RouteIterator.swift */; };
		D55807AE2AA6556900278FC0 /* FileManagerPlaygroundScreen.swift in Sources */ = {isa = PBXBuildFile; fileRef = D55807AD2AA6556900278FC0 /* FileManagerPlaygroundScreen.swift */; };
		D5593CE02ACDD10200CBA825 /* InstructionsView.swift in Sources */ = {isa = PBXBuildFile; fileRef = D5593CDF2ACDD10200CBA825 /* InstructionsView.swift */; };
		D5593CE22ACDD6BB00CBA825 /* HomeSection.swift in Sources */ = {isa = PBXBuildFile; fileRef = D5593CE12ACDD6BB00CBA825 /* HomeSection.swift */; };
		D5593CE42ACDD80D00CBA825 /* HomeSectionItemView.swift in Sources */ = {isa = PBXBuildFile; fileRef = D5593CE32ACDD80D00CBA825 /* HomeSectionItemView.swift */; };
		D5593CE62ACDE1B300CBA825 /* HomeScreen.swift in Sources */ = {isa = PBXBuildFile; fileRef = D5593CE52ACDE1B300CBA825 /* HomeScreen.swift */; };
		D5593CE82ACDE22B00CBA825 /* HomeSectionViewModel.swift in Sources */ = {isa = PBXBuildFile; fileRef = D5593CE72ACDE22B00CBA825 /* HomeSectionViewModel.swift */; };
		D5593CEA2ACDE27C00CBA825 /* HomeSectionItem.swift in Sources */ = {isa = PBXBuildFile; fileRef = D5593CE92ACDE27C00CBA825 /* HomeSectionItem.swift */; };
		D5593CEE2ACDE7FF00CBA825 /* TutorialSheetView.swift in Sources */ = {isa = PBXBuildFile; fileRef = D5593CED2ACDE7FF00CBA825 /* TutorialSheetView.swift */; };
		D57AEDB12A9A26D2005A6E9A /* Model.swift in Sources */ = {isa = PBXBuildFile; fileRef = D57AEDB02A9A26D2005A6E9A /* Model.swift */; };
		D57AEDB62A9A2CC0005A6E9A /* ContentViewModel.swift in Sources */ = {isa = PBXBuildFile; fileRef = D57AEDB52A9A2CC0005A6E9A /* ContentViewModel.swift */; };
		D57C03DD2AA79F6C00FBD9A5 /* FileHelper.swift in Sources */ = {isa = PBXBuildFile; fileRef = D57C03DC2AA79F6C00FBD9A5 /* FileHelper.swift */; };
		D584957D2ABF0D5E0048BE1D /* WallpaperTileSynthesisService.swift in Sources */ = {isa = PBXBuildFile; fileRef = D584957C2ABF0D5E0048BE1D /* WallpaperTileSynthesisService.swift */; };
		D5852D0A2987014D00877628 /* libtexture_synthesis_adapter.a in Frameworks */ = {isa = PBXBuildFile; fileRef = D5852D08298700D600877628 /* libtexture_synthesis_adapter.a */; };
		D58811A2299E26F2000F815C /* Wallpaper_Previewer_Tests.swift in Sources */ = {isa = PBXBuildFile; fileRef = D58811A1299E26F2000F815C /* Wallpaper_Previewer_Tests.swift */; };
		D58811AF299E27F7000F815C /* Wallpaper_Previewer_UITests.swift in Sources */ = {isa = PBXBuildFile; fileRef = D58811AE299E27F7000F815C /* Wallpaper_Previewer_UITests.swift */; };
		D58811B1299E27F7000F815C /* Wallpaper_Previewer_UITestsLaunchTests.swift in Sources */ = {isa = PBXBuildFile; fileRef = D58811B0299E27F7000F815C /* Wallpaper_Previewer_UITestsLaunchTests.swift */; };
		D5897FA72AB325120099E31E /* VerticalLabelStyle.swift in Sources */ = {isa = PBXBuildFile; fileRef = D5897FA62AB325120099E31E /* VerticalLabelStyle.swift */; };
		D5897FA92AB33F650099E31E /* MediaFile.swift in Sources */ = {isa = PBXBuildFile; fileRef = D5897FA82AB33F650099E31E /* MediaFile.swift */; };
		D5897FAD2AB3742C0099E31E /* ImageGridItemView.swift in Sources */ = {isa = PBXBuildFile; fileRef = D5897FAC2AB3742C0099E31E /* ImageGridItemView.swift */; };
		D5897FAF2AB376750099E31E /* GalleryGridView.swift in Sources */ = {isa = PBXBuildFile; fileRef = D5897FAE2AB376750099E31E /* GalleryGridView.swift */; };
		D5897FB22AB376AC0099E31E /* GalleryGridView+ViewModel.swift in Sources */ = {isa = PBXBuildFile; fileRef = D5897FB12AB376AC0099E31E /* GalleryGridView+ViewModel.swift */; };
		D5897FB42AB37F930099E31E /* AddImageGridItemView.swift in Sources */ = {isa = PBXBuildFile; fileRef = D5897FB32AB37F930099E31E /* AddImageGridItemView.swift */; };
		D5897FB62AB478C60099E31E /* PinchPhotoView.swift in Sources */ = {isa = PBXBuildFile; fileRef = D5897FB52AB478C60099E31E /* PinchPhotoView.swift */; };
		D5897FB82AB47C240099E31E /* InfoPanelView.swift in Sources */ = {isa = PBXBuildFile; fileRef = D5897FB72AB47C240099E31E /* InfoPanelView.swift */; };
		D5897FBA2AB47C360099E31E /* ControlImageView.swift in Sources */ = {isa = PBXBuildFile; fileRef = D5897FB92AB47C360099E31E /* ControlImageView.swift */; };
		D5897FBC2AB47CDE0099E31E /* PinchPhotoSheetView.swift in Sources */ = {isa = PBXBuildFile; fileRef = D5897FBB2AB47CDE0099E31E /* PinchPhotoSheetView.swift */; };
		D5897FBE2AB4A68D0099E31E /* PreviewGenerationScreen.swift in Sources */ = {isa = PBXBuildFile; fileRef = D5897FBD2AB4A68D0099E31E /* PreviewGenerationScreen.swift */; };
		D5897FDA2AB865CA0099E31E /* Route.swift in Sources */ = {isa = PBXBuildFile; fileRef = D5897FD92AB865CA0099E31E /* Route.swift */; };
		D5897FDD2AB869130099E31E /* PickRoomPhotoView.swift in Sources */ = {isa = PBXBuildFile; fileRef = D5897FDC2AB869130099E31E /* PickRoomPhotoView.swift */; };
		D5897FDF2AB86BB30099E31E /* PreviewGenerationScreen+ViewModel.swift in Sources */ = {isa = PBXBuildFile; fileRef = D5897FDE2AB86BB30099E31E /* PreviewGenerationScreen+ViewModel.swift */; };
		D5897FE12AB86DDE0099E31E /* PickWallpaperPhotoView.swift in Sources */ = {isa = PBXBuildFile; fileRef = D5897FE02AB86DDE0099E31E /* PickWallpaperPhotoView.swift */; };
		D5897FE32AB86E560099E31E /* PreviewGenerationView.swift in Sources */ = {isa = PBXBuildFile; fileRef = D5897FE22AB86E560099E31E /* PreviewGenerationView.swift */; };
		D5897FE52AB873170099E31E /* RoomInferenceHelper.swift in Sources */ = {isa = PBXBuildFile; fileRef = D5897FE42AB873170099E31E /* RoomInferenceHelper.swift */; };
		D5A41CB829E1D84400693D9C /* ComposableArchitecture in Frameworks */ = {isa = PBXBuildFile; productRef = D5A41CB729E1D84400693D9C /* ComposableArchitecture */; };
		D5BB738629AE8C9300C1C885 /* Orientation.swift in Sources */ = {isa = PBXBuildFile; fileRef = D5BB738529AE8C9300C1C885 /* Orientation.swift */; };
		D5FC73572ACF1E80003B71CC /* SettingsView.swift in Sources */ = {isa = PBXBuildFile; fileRef = D5FC73562ACF1E80003B71CC /* SettingsView.swift */; };
		D5FC73592ACF26AE003B71CC /* Settings.swift in Sources */ = {isa = PBXBuildFile; fileRef = D5FC73582ACF26AE003B71CC /* Settings.swift */; };
		D5FC735B2ACF2885003B71CC /* SliderSettingView.swift in Sources */ = {isa = PBXBuildFile; fileRef = D5FC735A2ACF2885003B71CC /* SliderSettingView.swift */; };
/* End PBXBuildFile section */

/* Begin PBXContainerItemProxy section */
		D58811A3299E26F2000F815C /* PBXContainerItemProxy */ = {
			isa = PBXContainerItemProxy;
			containerPortal = D5088F972982A77200088359 /* Project object */;
			proxyType = 1;
			remoteGlobalIDString = D5088F9E2982A77200088359;
			remoteInfo = "Wallpaper Previewer";
		};
		D58811B2299E27F7000F815C /* PBXContainerItemProxy */ = {
			isa = PBXContainerItemProxy;
			containerPortal = D5088F972982A77200088359 /* Project object */;
			proxyType = 1;
			remoteGlobalIDString = D5088F9E2982A77200088359;
			remoteInfo = "Wallpaper Previewer";
		};
/* End PBXContainerItemProxy section */

/* Begin PBXFileReference section */
		D50380A52AB2001D007933A6 /* GalleryScreen.swift */ = {isa = PBXFileReference; lastKnownFileType = sourcecode.swift; path = GalleryScreen.swift; sourceTree = "<group>"; };
		D50380A72AB20312007933A6 /* GalleryHeaderView.swift */ = {isa = PBXFileReference; lastKnownFileType = sourcecode.swift; path = GalleryHeaderView.swift; sourceTree = "<group>"; };
		D50380AD2AB205DA007933A6 /* Views Playground.app */ = {isa = PBXFileReference; explicitFileType = wrapper.application; includeInIndex = 0; path = "Views Playground.app"; sourceTree = BUILT_PRODUCTS_DIR; };
		D50380AF2AB205DA007933A6 /* Views_PlaygroundApp.swift */ = {isa = PBXFileReference; lastKnownFileType = sourcecode.swift; path = Views_PlaygroundApp.swift; sourceTree = "<group>"; };
		D50380B12AB205DA007933A6 /* ContentView.swift */ = {isa = PBXFileReference; lastKnownFileType = sourcecode.swift; path = ContentView.swift; sourceTree = "<group>"; };
		D50380B32AB205DC007933A6 /* Assets.xcassets */ = {isa = PBXFileReference; lastKnownFileType = folder.assetcatalog; path = Assets.xcassets; sourceTree = "<group>"; };
		D50380B62AB205DC007933A6 /* Preview Assets.xcassets */ = {isa = PBXFileReference; lastKnownFileType = folder.assetcatalog; path = "Preview Assets.xcassets"; sourceTree = "<group>"; };
		D50380BB2AB20DC6007933A6 /* GalleryType.swift */ = {isa = PBXFileReference; lastKnownFileType = sourcecode.swift; path = GalleryType.swift; sourceTree = "<group>"; };
		D50380BD2AB211D1007933A6 /* BottomTabBarView.swift */ = {isa = PBXFileReference; lastKnownFileType = sourcecode.swift; path = BottomTabBarView.swift; sourceTree = "<group>"; };
		D50380BF2AB21238007933A6 /* TabBarItemView.swift */ = {isa = PBXFileReference; lastKnownFileType = sourcecode.swift; path = TabBarItemView.swift; sourceTree = "<group>"; };
		D50380C12AB216D6007933A6 /* PreviewButton.swift */ = {isa = PBXFileReference; lastKnownFileType = sourcecode.swift; path = PreviewButton.swift; sourceTree = "<group>"; };
		D50380C32AB21BD3007933A6 /* TabType.swift */ = {isa = PBXFileReference; lastKnownFileType = sourcecode.swift; path = TabType.swift; sourceTree = "<group>"; };
		D5088F9F2982A77200088359 /* Wallpaper Previewer.app */ = {isa = PBXFileReference; explicitFileType = wrapper.application; includeInIndex = 0; path = "Wallpaper Previewer.app"; sourceTree = BUILT_PRODUCTS_DIR; };
		D5088FA22982A77200088359 /* Wallpaper_PreviewerApp.swift */ = {isa = PBXFileReference; lastKnownFileType = sourcecode.swift; path = Wallpaper_PreviewerApp.swift; sourceTree = "<group>"; };
		D5088FA42982A77200088359 /* ContentView.swift */ = {isa = PBXFileReference; lastKnownFileType = sourcecode.swift; path = ContentView.swift; sourceTree = "<group>"; };
		D5088FA62982A77300088359 /* Assets.xcassets */ = {isa = PBXFileReference; lastKnownFileType = folder.assetcatalog; path = Assets.xcassets; sourceTree = "<group>"; };
		D5088FA92982A77300088359 /* Preview Assets.xcassets */ = {isa = PBXFileReference; lastKnownFileType = folder.assetcatalog; path = "Preview Assets.xcassets"; sourceTree = "<group>"; };
		D5088FB02982A78100088359 /* ImagePicker.swift */ = {isa = PBXFileReference; lastKnownFileType = sourcecode.swift; path = ImagePicker.swift; sourceTree = "<group>"; };
		D513A1F3298D721300771077 /* UIImage+Extensions.swift */ = {isa = PBXFileReference; lastKnownFileType = sourcecode.swift; path = "UIImage+Extensions.swift"; sourceTree = "<group>"; };
		D53511592ABA0DA3009B9029 /* MLMultiArray+Utils.swift */ = {isa = PBXFileReference; lastKnownFileType = sourcecode.swift; path = "MLMultiArray+Utils.swift"; sourceTree = "<group>"; };
		D535115B2ABA1131009B9029 /* RoomLayout.swift */ = {isa = PBXFileReference; lastKnownFileType = sourcecode.swift; path = RoomLayout.swift; sourceTree = "<group>"; };
		D535115D2ABA1157009B9029 /* RoomType.swift */ = {isa = PBXFileReference; lastKnownFileType = sourcecode.swift; path = RoomType.swift; sourceTree = "<group>"; };
		D535115F2ABA11BE009B9029 /* Line.swift */ = {isa = PBXFileReference; lastKnownFileType = sourcecode.swift; path = Line.swift; sourceTree = "<group>"; };
		D53511612ABA11F4009B9029 /* Point.swift */ = {isa = PBXFileReference; lastKnownFileType = sourcecode.swift; path = Point.swift; sourceTree = "<group>"; };
		D53511632ABA125C009B9029 /* Polygon.swift */ = {isa = PBXFileReference; lastKnownFileType = sourcecode.swift; path = Polygon.swift; sourceTree = "<group>"; };
		D53511652ABA12E7009B9029 /* RoomLayout+Conversions.swift */ = {isa = PBXFileReference; lastKnownFileType = sourcecode.swift; path = "RoomLayout+Conversions.swift"; sourceTree = "<group>"; };
		D53D25B22ABDF8ED005846E0 /* SeedData.swift */ = {isa = PBXFileReference; lastKnownFileType = sourcecode.swift; path = SeedData.swift; sourceTree = "<group>"; };
		D548879929ABB016003A543B /* SegmentationVisualizationView.swift */ = {isa = PBXFileReference; lastKnownFileType = sourcecode.swift; path = SegmentationVisualizationView.swift; sourceTree = "<group>"; };
		D54887A429ABD0F6003A543B /* MLMultiArray+Helpers.swift */ = {isa = PBXFileReference; lastKnownFileType = sourcecode.swift; path = "MLMultiArray+Helpers.swift"; sourceTree = "<group>"; };
		D54887A629ABD120003A543B /* Math.swift */ = {isa = PBXFileReference; lastKnownFileType = sourcecode.swift; path = Math.swift; sourceTree = "<group>"; };
		D54D5C6529AE85CD00701A42 /* UIImage+Orientation.swift */ = {isa = PBXFileReference; lastKnownFileType = sourcecode.swift; path = "UIImage+Orientation.swift"; sourceTree = "<group>"; };
		D5552DE42ACC8A7000851C0A /* NavigationManager.swift */ = {isa = PBXFileReference; lastKnownFileType = sourcecode.swift; path = NavigationManager.swift; sourceTree = "<group>"; };
		D5552DE72ACC8B9E00851C0A /* Navigator.swift */ = {isa = PBXFileReference; lastKnownFileType = sourcecode.swift; path = Navigator.swift; sourceTree = "<group>"; };
		D5552DE92ACC8C5600851C0A /* View+RouteIterator.swift */ = {isa = PBXFileReference; lastKnownFileType = sourcecode.swift; path = "View+RouteIterator.swift"; sourceTree = "<group>"; };
		D55807AD2AA6556900278FC0 /* FileManagerPlaygroundScreen.swift */ = {isa = PBXFileReference; lastKnownFileType = sourcecode.swift; path = FileManagerPlaygroundScreen.swift; sourceTree = "<group>"; };
		D5593CDF2ACDD10200CBA825 /* InstructionsView.swift */ = {isa = PBXFileReference; lastKnownFileType = sourcecode.swift; path = InstructionsView.swift; sourceTree = "<group>"; };
		D5593CE12ACDD6BB00CBA825 /* HomeSection.swift */ = {isa = PBXFileReference; lastKnownFileType = sourcecode.swift; path = HomeSection.swift; sourceTree = "<group>"; };
		D5593CE32ACDD80D00CBA825 /* HomeSectionItemView.swift */ = {isa = PBXFileReference; lastKnownFileType = sourcecode.swift; path = HomeSectionItemView.swift; sourceTree = "<group>"; };
		D5593CE52ACDE1B300CBA825 /* HomeScreen.swift */ = {isa = PBXFileReference; lastKnownFileType = sourcecode.swift; path = HomeScreen.swift; sourceTree = "<group>"; };
		D5593CE72ACDE22B00CBA825 /* HomeSectionViewModel.swift */ = {isa = PBXFileReference; lastKnownFileType = sourcecode.swift; path = HomeSectionViewModel.swift; sourceTree = "<group>"; };
		D5593CE92ACDE27C00CBA825 /* HomeSectionItem.swift */ = {isa = PBXFileReference; lastKnownFileType = sourcecode.swift; path = HomeSectionItem.swift; sourceTree = "<group>"; };
		D5593CED2ACDE7FF00CBA825 /* TutorialSheetView.swift */ = {isa = PBXFileReference; lastKnownFileType = sourcecode.swift; path = TutorialSheetView.swift; sourceTree = "<group>"; };
		D57ACD282A23C92C009B0AF1 /* TextureSynthesisAdapter.h */ = {isa = PBXFileReference; fileEncoding = 4; lastKnownFileType = sourcecode.c.h; path = TextureSynthesisAdapter.h; sourceTree = "<group>"; };
		D57AEDB02A9A26D2005A6E9A /* Model.swift */ = {isa = PBXFileReference; lastKnownFileType = sourcecode.swift; path = Model.swift; sourceTree = "<group>"; };
		D57AEDB52A9A2CC0005A6E9A /* ContentViewModel.swift */ = {isa = PBXFileReference; lastKnownFileType = sourcecode.swift; path = ContentViewModel.swift; sourceTree = "<group>"; };
		D57C03DC2AA79F6C00FBD9A5 /* FileHelper.swift */ = {isa = PBXFileReference; lastKnownFileType = sourcecode.swift; path = FileHelper.swift; sourceTree = "<group>"; };
		D584957C2ABF0D5E0048BE1D /* WallpaperTileSynthesisService.swift */ = {isa = PBXFileReference; lastKnownFileType = sourcecode.swift; path = WallpaperTileSynthesisService.swift; sourceTree = "<group>"; };
		D5852D032985B67900877628 /* FfiBridge.h */ = {isa = PBXFileReference; lastKnownFileType = sourcecode.c.h; path = FfiBridge.h; sourceTree = "<group>"; };
		D5852D08298700D600877628 /* libtexture_synthesis_adapter.a */ = {isa = PBXFileReference; lastKnownFileType = archive.ar; name = libtexture_synthesis_adapter.a; path = target/release/libtexture_synthesis_adapter.a; sourceTree = "<group>"; };
		D588119F299E26F2000F815C /* Wallpaper Previewer Tests.xctest */ = {isa = PBXFileReference; explicitFileType = wrapper.cfbundle; includeInIndex = 0; path = "Wallpaper Previewer Tests.xctest"; sourceTree = BUILT_PRODUCTS_DIR; };
		D58811A1299E26F2000F815C /* Wallpaper_Previewer_Tests.swift */ = {isa = PBXFileReference; lastKnownFileType = sourcecode.swift; path = Wallpaper_Previewer_Tests.swift; sourceTree = "<group>"; };
		D58811AC299E27F7000F815C /* Wallpaper Previewer UITests.xctest */ = {isa = PBXFileReference; explicitFileType = wrapper.cfbundle; includeInIndex = 0; path = "Wallpaper Previewer UITests.xctest"; sourceTree = BUILT_PRODUCTS_DIR; };
		D58811AE299E27F7000F815C /* Wallpaper_Previewer_UITests.swift */ = {isa = PBXFileReference; lastKnownFileType = sourcecode.swift; path = Wallpaper_Previewer_UITests.swift; sourceTree = "<group>"; };
		D58811B0299E27F7000F815C /* Wallpaper_Previewer_UITestsLaunchTests.swift */ = {isa = PBXFileReference; lastKnownFileType = sourcecode.swift; path = Wallpaper_Previewer_UITestsLaunchTests.swift; sourceTree = "<group>"; };
		D5897FA62AB325120099E31E /* VerticalLabelStyle.swift */ = {isa = PBXFileReference; lastKnownFileType = sourcecode.swift; path = VerticalLabelStyle.swift; sourceTree = "<group>"; };
		D5897FA82AB33F650099E31E /* MediaFile.swift */ = {isa = PBXFileReference; lastKnownFileType = sourcecode.swift; path = MediaFile.swift; sourceTree = "<group>"; };
		D5897FAC2AB3742C0099E31E /* ImageGridItemView.swift */ = {isa = PBXFileReference; lastKnownFileType = sourcecode.swift; path = ImageGridItemView.swift; sourceTree = "<group>"; };
		D5897FAE2AB376750099E31E /* GalleryGridView.swift */ = {isa = PBXFileReference; lastKnownFileType = sourcecode.swift; path = GalleryGridView.swift; sourceTree = "<group>"; };
		D5897FB12AB376AC0099E31E /* GalleryGridView+ViewModel.swift */ = {isa = PBXFileReference; lastKnownFileType = sourcecode.swift; path = "GalleryGridView+ViewModel.swift"; sourceTree = "<group>"; };
		D5897FB32AB37F930099E31E /* AddImageGridItemView.swift */ = {isa = PBXFileReference; lastKnownFileType = sourcecode.swift; path = AddImageGridItemView.swift; sourceTree = "<group>"; };
		D5897FB52AB478C60099E31E /* PinchPhotoView.swift */ = {isa = PBXFileReference; lastKnownFileType = sourcecode.swift; path = PinchPhotoView.swift; sourceTree = "<group>"; };
		D5897FB72AB47C240099E31E /* InfoPanelView.swift */ = {isa = PBXFileReference; lastKnownFileType = sourcecode.swift; path = InfoPanelView.swift; sourceTree = "<group>"; };
		D5897FB92AB47C360099E31E /* ControlImageView.swift */ = {isa = PBXFileReference; lastKnownFileType = sourcecode.swift; path = ControlImageView.swift; sourceTree = "<group>"; };
		D5897FBB2AB47CDE0099E31E /* PinchPhotoSheetView.swift */ = {isa = PBXFileReference; lastKnownFileType = sourcecode.swift; path = PinchPhotoSheetView.swift; sourceTree = "<group>"; };
		D5897FBD2AB4A68D0099E31E /* PreviewGenerationScreen.swift */ = {isa = PBXFileReference; lastKnownFileType = sourcecode.swift; path = PreviewGenerationScreen.swift; sourceTree = "<group>"; };
		D5897FD92AB865CA0099E31E /* Route.swift */ = {isa = PBXFileReference; lastKnownFileType = sourcecode.swift; path = Route.swift; sourceTree = "<group>"; };
		D5897FDC2AB869130099E31E /* PickRoomPhotoView.swift */ = {isa = PBXFileReference; lastKnownFileType = sourcecode.swift; path = PickRoomPhotoView.swift; sourceTree = "<group>"; };
		D5897FDE2AB86BB30099E31E /* PreviewGenerationScreen+ViewModel.swift */ = {isa = PBXFileReference; lastKnownFileType = sourcecode.swift; path = "PreviewGenerationScreen+ViewModel.swift"; sourceTree = "<group>"; };
		D5897FE02AB86DDE0099E31E /* PickWallpaperPhotoView.swift */ = {isa = PBXFileReference; lastKnownFileType = sourcecode.swift; path = PickWallpaperPhotoView.swift; sourceTree = "<group>"; };
		D5897FE22AB86E560099E31E /* PreviewGenerationView.swift */ = {isa = PBXFileReference; lastKnownFileType = sourcecode.swift; path = PreviewGenerationView.swift; sourceTree = "<group>"; };
		D5897FE42AB873170099E31E /* RoomInferenceHelper.swift */ = {isa = PBXFileReference; lastKnownFileType = sourcecode.swift; path = RoomInferenceHelper.swift; sourceTree = "<group>"; };
		D5BB738529AE8C9300C1C885 /* Orientation.swift */ = {isa = PBXFileReference; lastKnownFileType = sourcecode.swift; path = Orientation.swift; sourceTree = "<group>"; };
		D5FC73562ACF1E80003B71CC /* SettingsView.swift */ = {isa = PBXFileReference; lastKnownFileType = sourcecode.swift; path = SettingsView.swift; sourceTree = "<group>"; };
		D5FC73582ACF26AE003B71CC /* Settings.swift */ = {isa = PBXFileReference; lastKnownFileType = sourcecode.swift; path = Settings.swift; sourceTree = "<group>"; };
		D5FC735A2ACF2885003B71CC /* SliderSettingView.swift */ = {isa = PBXFileReference; lastKnownFileType = sourcecode.swift; path = SliderSettingView.swift; sourceTree = "<group>"; };
/* End PBXFileReference section */

/* Begin PBXFrameworksBuildPhase section */
		D50380AA2AB205DA007933A6 /* Frameworks */ = {
			isa = PBXFrameworksBuildPhase;
			buildActionMask = 2147483647;
			files = (
			);
			runOnlyForDeploymentPostprocessing = 0;
		};
		D5088F9C2982A77200088359 /* Frameworks */ = {
			isa = PBXFrameworksBuildPhase;
			buildActionMask = 2147483647;
			files = (
				D5A41CB829E1D84400693D9C /* ComposableArchitecture in Frameworks */,
				D5852D0A2987014D00877628 /* libtexture_synthesis_adapter.a in Frameworks */,
			);
			runOnlyForDeploymentPostprocessing = 0;
		};
		D588119C299E26F2000F815C /* Frameworks */ = {
			isa = PBXFrameworksBuildPhase;
			buildActionMask = 2147483647;
			files = (
			);
			runOnlyForDeploymentPostprocessing = 0;
		};
		D58811A9299E27F7000F815C /* Frameworks */ = {
			isa = PBXFrameworksBuildPhase;
			buildActionMask = 2147483647;
			files = (
			);
			runOnlyForDeploymentPostprocessing = 0;
		};
/* End PBXFrameworksBuildPhase section */

/* Begin PBXGroup section */
		D50380A32AB1FFBD007933A6 /* Views */ = {
			isa = PBXGroup;
			children = (
				D5897FDB2AB868EF0099E31E /* Preview */,
				D50380A72AB20312007933A6 /* GalleryHeaderView.swift */,
				D50380BD2AB211D1007933A6 /* BottomTabBarView.swift */,
				D50380BF2AB21238007933A6 /* TabBarItemView.swift */,
				D50380C12AB216D6007933A6 /* PreviewButton.swift */,
				D5897FAC2AB3742C0099E31E /* ImageGridItemView.swift */,
				D5897FAE2AB376750099E31E /* GalleryGridView.swift */,
				D5897FB32AB37F930099E31E /* AddImageGridItemView.swift */,
				D5897FB52AB478C60099E31E /* PinchPhotoView.swift */,
				D5897FBB2AB47CDE0099E31E /* PinchPhotoSheetView.swift */,
				D5897FB72AB47C240099E31E /* InfoPanelView.swift */,
				D5897FB92AB47C360099E31E /* ControlImageView.swift */,
				D5593CDF2ACDD10200CBA825 /* InstructionsView.swift */,
				D5593CE12ACDD6BB00CBA825 /* HomeSection.swift */,
				D5593CE32ACDD80D00CBA825 /* HomeSectionItemView.swift */,
				D5593CED2ACDE7FF00CBA825 /* TutorialSheetView.swift */,
				D5FC73562ACF1E80003B71CC /* SettingsView.swift */,
				D5FC735A2ACF2885003B71CC /* SliderSettingView.swift */,
			);
			path = Views;
			sourceTree = "<group>";
		};
		D50380A42AB1FFC2007933A6 /* Screens */ = {
			isa = PBXGroup;
			children = (
				D55807AD2AA6556900278FC0 /* FileManagerPlaygroundScreen.swift */,
				D50380A52AB2001D007933A6 /* GalleryScreen.swift */,
				D5897FBD2AB4A68D0099E31E /* PreviewGenerationScreen.swift */,
				D5593CE52ACDE1B300CBA825 /* HomeScreen.swift */,
			);
			path = Screens;
			sourceTree = "<group>";
		};
		D50380AE2AB205DA007933A6 /* Views Playground */ = {
			isa = PBXGroup;
			children = (
				D50380AF2AB205DA007933A6 /* Views_PlaygroundApp.swift */,
				D50380B12AB205DA007933A6 /* ContentView.swift */,
				D50380B32AB205DC007933A6 /* Assets.xcassets */,
				D50380B52AB205DC007933A6 /* Preview Content */,
			);
			path = "Views Playground";
			sourceTree = "<group>";
		};
		D50380B52AB205DC007933A6 /* Preview Content */ = {
			isa = PBXGroup;
			children = (
				D50380B62AB205DC007933A6 /* Preview Assets.xcassets */,
			);
			path = "Preview Content";
			sourceTree = "<group>";
		};
		D5088F962982A77200088359 = {
			isa = PBXGroup;
			children = (
				D5088FA12982A77200088359 /* Wallpaper Previewer */,
				D58811A0299E26F2000F815C /* Wallpaper Previewer Tests */,
				D58811AD299E27F7000F815C /* Wallpaper Previewer UITests */,
				D50380AE2AB205DA007933A6 /* Views Playground */,
				D5088FA02982A77200088359 /* Products */,
				D5852D07298700D500877628 /* Frameworks */,
			);
			sourceTree = "<group>";
		};
		D5088FA02982A77200088359 /* Products */ = {
			isa = PBXGroup;
			children = (
				D5088F9F2982A77200088359 /* Wallpaper Previewer.app */,
				D588119F299E26F2000F815C /* Wallpaper Previewer Tests.xctest */,
				D58811AC299E27F7000F815C /* Wallpaper Previewer UITests.xctest */,
				D50380AD2AB205DA007933A6 /* Views Playground.app */,
			);
			name = Products;
			sourceTree = "<group>";
		};
		D5088FA12982A77200088359 /* Wallpaper Previewer */ = {
			isa = PBXGroup;
			children = (
				D5088FA22982A77200088359 /* Wallpaper_PreviewerApp.swift */,
				D584957E2AC090910048BE1D /* Neural Networks */,
				D50380A42AB1FFC2007933A6 /* Screens */,
				D50380A32AB1FFBD007933A6 /* Views */,
				D5897FA52AB325020099E31E /* Styles */,
				D57AEDB42A9A278A005A6E9A /* Models */,
				D5897FB02AB3769A0099E31E /* View Models */,
				D57ACD282A23C92C009B0AF1 /* TextureSynthesisAdapter.h */,
				D5852D032985B67900877628 /* FfiBridge.h */,
				D513A1F2298D71F500771077 /* Utils */,
				D5552DE62ACC8B5E00851C0A /* Navigation */,
				D5088FB02982A78100088359 /* ImagePicker.swift */,
				D548879929ABB016003A543B /* SegmentationVisualizationView.swift */,
				D57AEDB52A9A2CC0005A6E9A /* ContentViewModel.swift */,
				D5088FA42982A77200088359 /* ContentView.swift */,
				D5088FA62982A77300088359 /* Assets.xcassets */,
				D5088FA82982A77300088359 /* Preview Content */,
			);
			path = "Wallpaper Previewer";
			sourceTree = "<group>";
		};
		D5088FA82982A77300088359 /* Preview Content */ = {
			isa = PBXGroup;
			children = (
				D5088FA92982A77300088359 /* Preview Assets.xcassets */,
			);
			path = "Preview Content";
			sourceTree = "<group>";
		};
		D513A1F2298D71F500771077 /* Utils */ = {
			isa = PBXGroup;
			children = (
				D57C03DC2AA79F6C00FBD9A5 /* FileHelper.swift */,
				D5897FE42AB873170099E31E /* RoomInferenceHelper.swift */,
				D584957C2ABF0D5E0048BE1D /* WallpaperTileSynthesisService.swift */,
				D513A1F3298D721300771077 /* UIImage+Extensions.swift */,
				D54887A429ABD0F6003A543B /* MLMultiArray+Helpers.swift */,
				D54887A629ABD120003A543B /* Math.swift */,
				D54D5C6529AE85CD00701A42 /* UIImage+Orientation.swift */,
				D5BB738529AE8C9300C1C885 /* Orientation.swift */,
				D53511592ABA0DA3009B9029 /* MLMultiArray+Utils.swift */,
				D53511652ABA12E7009B9029 /* RoomLayout+Conversions.swift */,
				D53D25B22ABDF8ED005846E0 /* SeedData.swift */,
			);
			path = Utils;
			sourceTree = "<group>";
		};
		D5552DE62ACC8B5E00851C0A /* Navigation */ = {
			isa = PBXGroup;
			children = (
				D5552DE42ACC8A7000851C0A /* NavigationManager.swift */,
				D5897FD92AB865CA0099E31E /* Route.swift */,
				D5552DE72ACC8B9E00851C0A /* Navigator.swift */,
				D5552DE92ACC8C5600851C0A /* View+RouteIterator.swift */,
			);
			path = Navigation;
			sourceTree = "<group>";
		};
		D57AEDB42A9A278A005A6E9A /* Models */ = {
			isa = PBXGroup;
			children = (
				D50380BB2AB20DC6007933A6 /* GalleryType.swift */,
				D50380C32AB21BD3007933A6 /* TabType.swift */,
				D5897FA82AB33F650099E31E /* MediaFile.swift */,
				D535115B2ABA1131009B9029 /* RoomLayout.swift */,
				D535115D2ABA1157009B9029 /* RoomType.swift */,
				D535115F2ABA11BE009B9029 /* Line.swift */,
				D53511612ABA11F4009B9029 /* Point.swift */,
				D53511632ABA125C009B9029 /* Polygon.swift */,
				D5593CE92ACDE27C00CBA825 /* HomeSectionItem.swift */,
			);
			path = Models;
			sourceTree = "<group>";
		};
		D584957E2AC090910048BE1D /* Neural Networks */ = {
			isa = PBXGroup;
			children = (
				D57AEDB02A9A26D2005A6E9A /* Model.swift */,
			);
			path = "Neural Networks";
			sourceTree = "<group>";
		};
		D5852D07298700D500877628 /* Frameworks */ = {
			isa = PBXGroup;
			children = (
				D5852D08298700D600877628 /* libtexture_synthesis_adapter.a */,
			);
			name = Frameworks;
			sourceTree = "<group>";
		};
		D58811A0299E26F2000F815C /* Wallpaper Previewer Tests */ = {
			isa = PBXGroup;
			children = (
				D58811A1299E26F2000F815C /* Wallpaper_Previewer_Tests.swift */,
			);
			path = "Wallpaper Previewer Tests";
			sourceTree = "<group>";
		};
		D58811AD299E27F7000F815C /* Wallpaper Previewer UITests */ = {
			isa = PBXGroup;
			children = (
				D58811AE299E27F7000F815C /* Wallpaper_Previewer_UITests.swift */,
				D58811B0299E27F7000F815C /* Wallpaper_Previewer_UITestsLaunchTests.swift */,
			);
			path = "Wallpaper Previewer UITests";
			sourceTree = "<group>";
		};
		D5897FA52AB325020099E31E /* Styles */ = {
			isa = PBXGroup;
			children = (
				D5897FA62AB325120099E31E /* VerticalLabelStyle.swift */,
			);
			path = Styles;
			sourceTree = "<group>";
		};
		D5897FB02AB3769A0099E31E /* View Models */ = {
			isa = PBXGroup;
			children = (
				D5897FB12AB376AC0099E31E /* GalleryGridView+ViewModel.swift */,
				D5897FDE2AB86BB30099E31E /* PreviewGenerationScreen+ViewModel.swift */,
				D5593CE72ACDE22B00CBA825 /* HomeSectionViewModel.swift */,
				D5FC73582ACF26AE003B71CC /* Settings.swift */,
			);
			path = "View Models";
			sourceTree = "<group>";
		};
		D5897FDB2AB868EF0099E31E /* Preview */ = {
			isa = PBXGroup;
			children = (
				D5897FDC2AB869130099E31E /* PickRoomPhotoView.swift */,
				D5897FE02AB86DDE0099E31E /* PickWallpaperPhotoView.swift */,
				D5897FE22AB86E560099E31E /* PreviewGenerationView.swift */,
			);
			path = Preview;
			sourceTree = "<group>";
		};
/* End PBXGroup section */

/* Begin PBXNativeTarget section */
		D50380AC2AB205DA007933A6 /* Views Playground */ = {
			isa = PBXNativeTarget;
			buildConfigurationList = D50380B82AB205DC007933A6 /* Build configuration list for PBXNativeTarget "Views Playground" */;
			buildPhases = (
				D50380A92AB205DA007933A6 /* Sources */,
				D50380AA2AB205DA007933A6 /* Frameworks */,
				D50380AB2AB205DA007933A6 /* Resources */,
			);
			buildRules = (
			);
			dependencies = (
			);
			name = "Views Playground";
			productName = "Views Playground";
			productReference = D50380AD2AB205DA007933A6 /* Views Playground.app */;
			productType = "com.apple.product-type.application";
		};
		D5088F9E2982A77200088359 /* Wallpaper Previewer */ = {
			isa = PBXNativeTarget;
			buildConfigurationList = D5088FAD2982A77300088359 /* Build configuration list for PBXNativeTarget "Wallpaper Previewer" */;
			buildPhases = (
				D5852D022985B62700877628 /* Build Rust Library */,
				D5088F9B2982A77200088359 /* Sources */,
				D5088F9C2982A77200088359 /* Frameworks */,
				D5088F9D2982A77200088359 /* Resources */,
			);
			buildRules = (
			);
			dependencies = (
			);
			name = "Wallpaper Previewer";
			packageProductDependencies = (
				D5A41CB729E1D84400693D9C /* ComposableArchitecture */,
			);
			productName = "Wallpaper Previewer";
			productReference = D5088F9F2982A77200088359 /* Wallpaper Previewer.app */;
			productType = "com.apple.product-type.application";
		};
		D588119E299E26F2000F815C /* Wallpaper Previewer Tests */ = {
			isa = PBXNativeTarget;
			buildConfigurationList = D58811A5299E26F2000F815C /* Build configuration list for PBXNativeTarget "Wallpaper Previewer Tests" */;
			buildPhases = (
				D588119B299E26F2000F815C /* Sources */,
				D588119C299E26F2000F815C /* Frameworks */,
				D588119D299E26F2000F815C /* Resources */,
			);
			buildRules = (
			);
			dependencies = (
				D58811A4299E26F2000F815C /* PBXTargetDependency */,
			);
			name = "Wallpaper Previewer Tests";
			productName = "Wallpaper Previewer Tests";
			productReference = D588119F299E26F2000F815C /* Wallpaper Previewer Tests.xctest */;
			productType = "com.apple.product-type.bundle.unit-test";
		};
		D58811AB299E27F7000F815C /* Wallpaper Previewer UITests */ = {
			isa = PBXNativeTarget;
			buildConfigurationList = D58811B4299E27F7000F815C /* Build configuration list for PBXNativeTarget "Wallpaper Previewer UITests" */;
			buildPhases = (
				D58811A8299E27F7000F815C /* Sources */,
				D58811A9299E27F7000F815C /* Frameworks */,
				D58811AA299E27F7000F815C /* Resources */,
			);
			buildRules = (
			);
			dependencies = (
				D58811B3299E27F7000F815C /* PBXTargetDependency */,
			);
			name = "Wallpaper Previewer UITests";
			productName = "Wallpaper Previewer UITests";
			productReference = D58811AC299E27F7000F815C /* Wallpaper Previewer UITests.xctest */;
			productType = "com.apple.product-type.bundle.ui-testing";
		};
/* End PBXNativeTarget section */

/* Begin PBXProject section */
		D5088F972982A77200088359 /* Project object */ = {
			isa = PBXProject;
			attributes = {
				BuildIndependentTargetsInParallel = 1;
				LastSwiftUpdateCheck = 1430;
				LastUpgradeCheck = 1420;
				TargetAttributes = {
					D50380AC2AB205DA007933A6 = {
						CreatedOnToolsVersion = 14.3.1;
					};
					D5088F9E2982A77200088359 = {
						CreatedOnToolsVersion = 14.2;
						LastSwiftMigration = 1420;
					};
					D588119E299E26F2000F815C = {
						CreatedOnToolsVersion = 14.2;
						TestTargetID = D5088F9E2982A77200088359;
					};
					D58811AB299E27F7000F815C = {
						CreatedOnToolsVersion = 14.2;
						TestTargetID = D5088F9E2982A77200088359;
					};
				};
			};
			buildConfigurationList = D5088F9A2982A77200088359 /* Build configuration list for PBXProject "Wallpaper Previewer" */;
			compatibilityVersion = "Xcode 14.0";
			developmentRegion = en;
			hasScannedForEncodings = 0;
			knownRegions = (
				en,
				Base,
			);
			mainGroup = D5088F962982A77200088359;
			packageReferences = (
				D5A41CB629E1D84400693D9C /* XCRemoteSwiftPackageReference "swift-composable-architecture" */,
			);
			productRefGroup = D5088FA02982A77200088359 /* Products */;
			projectDirPath = "";
			projectRoot = "";
			targets = (
				D5088F9E2982A77200088359 /* Wallpaper Previewer */,
				D588119E299E26F2000F815C /* Wallpaper Previewer Tests */,
				D58811AB299E27F7000F815C /* Wallpaper Previewer UITests */,
				D50380AC2AB205DA007933A6 /* Views Playground */,
			);
		};
/* End PBXProject section */

/* Begin PBXResourcesBuildPhase section */
		D50380AB2AB205DA007933A6 /* Resources */ = {
			isa = PBXResourcesBuildPhase;
			buildActionMask = 2147483647;
			files = (
				D50380B72AB205DC007933A6 /* Preview Assets.xcassets in Resources */,
				D50380B42AB205DC007933A6 /* Assets.xcassets in Resources */,
			);
			runOnlyForDeploymentPostprocessing = 0;
		};
		D5088F9D2982A77200088359 /* Resources */ = {
			isa = PBXResourcesBuildPhase;
			buildActionMask = 2147483647;
			files = (
				D5088FAA2982A77300088359 /* Preview Assets.xcassets in Resources */,
				D5088FA72982A77300088359 /* Assets.xcassets in Resources */,
			);
			runOnlyForDeploymentPostprocessing = 0;
		};
		D588119D299E26F2000F815C /* Resources */ = {
			isa = PBXResourcesBuildPhase;
			buildActionMask = 2147483647;
			files = (
			);
			runOnlyForDeploymentPostprocessing = 0;
		};
		D58811AA299E27F7000F815C /* Resources */ = {
			isa = PBXResourcesBuildPhase;
			buildActionMask = 2147483647;
			files = (
			);
			runOnlyForDeploymentPostprocessing = 0;
		};
/* End PBXResourcesBuildPhase section */

/* Begin PBXShellScriptBuildPhase section */
		D5852D022985B62700877628 /* Build Rust Library */ = {
			isa = PBXShellScriptBuildPhase;
			buildActionMask = 2147483647;
			files = (
			);
			inputFileListPaths = (
			);
			inputPaths = (
			);
			name = "Build Rust Library";
			outputFileListPaths = (
			);
			outputPaths = (
			);
			runOnlyForDeploymentPostprocessing = 0;
			shellPath = /bin/sh;
			shellScript = "bash \"${PROJECT_DIR}/bin/compile-library.sh\" texture_synthesis_adapter $buildvariant\n";
		};
/* End PBXShellScriptBuildPhase section */

/* Begin PBXSourcesBuildPhase section */
		D50380A92AB205DA007933A6 /* Sources */ = {
			isa = PBXSourcesBuildPhase;
			buildActionMask = 2147483647;
			files = (
				D50380B22AB205DA007933A6 /* ContentView.swift in Sources */,
				D50380B02AB205DA007933A6 /* Views_PlaygroundApp.swift in Sources */,
			);
			runOnlyForDeploymentPostprocessing = 0;
		};
		D5088F9B2982A77200088359 /* Sources */ = {
			isa = PBXSourcesBuildPhase;
			buildActionMask = 2147483647;
			files = (
				D5897FE52AB873170099E31E /* RoomInferenceHelper.swift in Sources */,
				D5088FB12982A78100088359 /* ImagePicker.swift in Sources */,
				D5897FA72AB325120099E31E /* VerticalLabelStyle.swift in Sources */,
				D5552DEA2ACC8C5600851C0A /* View+RouteIterator.swift in Sources */,
				D5897FA92AB33F650099E31E /* MediaFile.swift in Sources */,
				D5FC735B2ACF2885003B71CC /* SliderSettingView.swift in Sources */,
				D50380A82AB20312007933A6 /* GalleryHeaderView.swift in Sources */,
				D5897FBE2AB4A68D0099E31E /* PreviewGenerationScreen.swift in Sources */,
				D5088FA52982A77200088359 /* ContentView.swift in Sources */,
				D5897FE12AB86DDE0099E31E /* PickWallpaperPhotoView.swift in Sources */,
				D53511602ABA11BE009B9029 /* Line.swift in Sources */,
				D53511642ABA125C009B9029 /* Polygon.swift in Sources */,
				D50380C42AB21BD3007933A6 /* TabType.swift in Sources */,
				D5897FB22AB376AC0099E31E /* GalleryGridView+ViewModel.swift in Sources */,
				D54887A729ABD120003A543B /* Math.swift in Sources */,
				D53511662ABA12E7009B9029 /* RoomLayout+Conversions.swift in Sources */,
				D5897FB42AB37F930099E31E /* AddImageGridItemView.swift in Sources */,
				D5552DE52ACC8A7000851C0A /* NavigationManager.swift in Sources */,
				D55807AE2AA6556900278FC0 /* FileManagerPlaygroundScreen.swift in Sources */,
				D513A1F4298D721300771077 /* UIImage+Extensions.swift in Sources */,
				D5897FB82AB47C240099E31E /* InfoPanelView.swift in Sources */,
				D50380A62AB2001D007933A6 /* GalleryScreen.swift in Sources */,
				D53D25B32ABDF8ED005846E0 /* SeedData.swift in Sources */,
				D5897FDF2AB86BB30099E31E /* PreviewGenerationScreen+ViewModel.swift in Sources */,
				D50380C02AB21238007933A6 /* TabBarItemView.swift in Sources */,
				D5593CE02ACDD10200CBA825 /* InstructionsView.swift in Sources */,
				D5593CE62ACDE1B300CBA825 /* HomeScreen.swift in Sources */,
				D57AEDB12A9A26D2005A6E9A /* Model.swift in Sources */,
				D5593CEA2ACDE27C00CBA825 /* HomeSectionItem.swift in Sources */,
				D5897FBA2AB47C360099E31E /* ControlImageView.swift in Sources */,
				D5897FDD2AB869130099E31E /* PickRoomPhotoView.swift in Sources */,
				D5897FE32AB86E560099E31E /* PreviewGenerationView.swift in Sources */,
				D535115E2ABA1157009B9029 /* RoomType.swift in Sources */,
				D5593CE42ACDD80D00CBA825 /* HomeSectionItemView.swift in Sources */,
				D5593CEE2ACDE7FF00CBA825 /* TutorialSheetView.swift in Sources */,
				D5897FB62AB478C60099E31E /* PinchPhotoView.swift in Sources */,
				D5593CE22ACDD6BB00CBA825 /* HomeSection.swift in Sources */,
				D50380BC2AB20DC6007933A6 /* GalleryType.swift in Sources */,
				D5552DE82ACC8B9E00851C0A /* Navigator.swift in Sources */,
				D548879A29ABB016003A543B /* SegmentationVisualizationView.swift in Sources */,
				D5BB738629AE8C9300C1C885 /* Orientation.swift in Sources */,
				D5088FA32982A77200088359 /* Wallpaper_PreviewerApp.swift in Sources */,
				D5FC73572ACF1E80003B71CC /* SettingsView.swift in Sources */,
				D57C03DD2AA79F6C00FBD9A5 /* FileHelper.swift in Sources */,
				D5897FAF2AB376750099E31E /* GalleryGridView.swift in Sources */,
				D50380C22AB216D6007933A6 /* PreviewButton.swift in Sources */,
				D584957D2ABF0D5E0048BE1D /* WallpaperTileSynthesisService.swift in Sources */,
				D54887A529ABD0F6003A543B /* MLMultiArray+Helpers.swift in Sources */,
				D535115A2ABA0DA3009B9029 /* MLMultiArray+Utils.swift in Sources */,
				D5593CE82ACDE22B00CBA825 /* HomeSectionViewModel.swift in Sources */,
				D50380BE2AB211D2007933A6 /* BottomTabBarView.swift in Sources */,
				D5897FAD2AB3742C0099E31E /* ImageGridItemView.swift in Sources */,
				D54D5C6629AE85CD00701A42 /* UIImage+Orientation.swift in Sources */,
				D5FC73592ACF26AE003B71CC /* Settings.swift in Sources */,
				D535115C2ABA1131009B9029 /* RoomLayout.swift in Sources */,
				D53511622ABA11F4009B9029 /* Point.swift in Sources */,
				D5897FBC2AB47CDE0099E31E /* PinchPhotoSheetView.swift in Sources */,
				D5897FDA2AB865CA0099E31E /* Route.swift in Sources */,
				D57AEDB62A9A2CC0005A6E9A /* ContentViewModel.swift in Sources */,
			);
			runOnlyForDeploymentPostprocessing = 0;
		};
		D588119B299E26F2000F815C /* Sources */ = {
			isa = PBXSourcesBuildPhase;
			buildActionMask = 2147483647;
			files = (
				D58811A2299E26F2000F815C /* Wallpaper_Previewer_Tests.swift in Sources */,
			);
			runOnlyForDeploymentPostprocessing = 0;
		};
		D58811A8299E27F7000F815C /* Sources */ = {
			isa = PBXSourcesBuildPhase;
			buildActionMask = 2147483647;
			files = (
				D58811AF299E27F7000F815C /* Wallpaper_Previewer_UITests.swift in Sources */,
				D58811B1299E27F7000F815C /* Wallpaper_Previewer_UITestsLaunchTests.swift in Sources */,
			);
			runOnlyForDeploymentPostprocessing = 0;
		};
/* End PBXSourcesBuildPhase section */

/* Begin PBXTargetDependency section */
		D58811A4299E26F2000F815C /* PBXTargetDependency */ = {
			isa = PBXTargetDependency;
			target = D5088F9E2982A77200088359 /* Wallpaper Previewer */;
			targetProxy = D58811A3299E26F2000F815C /* PBXContainerItemProxy */;
		};
		D58811B3299E27F7000F815C /* PBXTargetDependency */ = {
			isa = PBXTargetDependency;
			target = D5088F9E2982A77200088359 /* Wallpaper Previewer */;
			targetProxy = D58811B2299E27F7000F815C /* PBXContainerItemProxy */;
		};
/* End PBXTargetDependency section */

/* Begin XCBuildConfiguration section */
		D50380B92AB205DC007933A6 /* Debug */ = {
			isa = XCBuildConfiguration;
			buildSettings = {
				ASSETCATALOG_COMPILER_APPICON_NAME = AppIcon;
				ASSETCATALOG_COMPILER_GLOBAL_ACCENT_COLOR_NAME = AccentColor;
				CODE_SIGN_STYLE = Automatic;
				CURRENT_PROJECT_VERSION = 1;
				DEVELOPMENT_ASSET_PATHS = "\"Views Playground/Preview Content\"";
				DEVELOPMENT_TEAM = P5S7UA87V6;
				ENABLE_PREVIEWS = YES;
				GENERATE_INFOPLIST_FILE = YES;
				INFOPLIST_KEY_UIApplicationSceneManifest_Generation = YES;
				INFOPLIST_KEY_UIApplicationSupportsIndirectInputEvents = YES;
				INFOPLIST_KEY_UILaunchScreen_Generation = YES;
				INFOPLIST_KEY_UISupportedInterfaceOrientations_iPad = "UIInterfaceOrientationPortrait UIInterfaceOrientationPortraitUpsideDown UIInterfaceOrientationLandscapeLeft UIInterfaceOrientationLandscapeRight";
				INFOPLIST_KEY_UISupportedInterfaceOrientations_iPhone = "UIInterfaceOrientationPortrait UIInterfaceOrientationLandscapeLeft UIInterfaceOrientationLandscapeRight";
				IPHONEOS_DEPLOYMENT_TARGET = 16.4;
				LD_RUNPATH_SEARCH_PATHS = (
					"$(inherited)",
					"@executable_path/Frameworks",
				);
				MARKETING_VERSION = 1.0;
				PRODUCT_BUNDLE_IDENTIFIER = "lv.rikharthu.Views-Playground";
				PRODUCT_NAME = "$(TARGET_NAME)";
				SWIFT_EMIT_LOC_STRINGS = YES;
				SWIFT_VERSION = 5.0;
				TARGETED_DEVICE_FAMILY = "1,2";
			};
			name = Debug;
		};
		D50380BA2AB205DC007933A6 /* Release */ = {
			isa = XCBuildConfiguration;
			buildSettings = {
				ASSETCATALOG_COMPILER_APPICON_NAME = AppIcon;
				ASSETCATALOG_COMPILER_GLOBAL_ACCENT_COLOR_NAME = AccentColor;
				CODE_SIGN_STYLE = Automatic;
				CURRENT_PROJECT_VERSION = 1;
				DEVELOPMENT_ASSET_PATHS = "\"Views Playground/Preview Content\"";
				DEVELOPMENT_TEAM = P5S7UA87V6;
				ENABLE_PREVIEWS = YES;
				GENERATE_INFOPLIST_FILE = YES;
				INFOPLIST_KEY_UIApplicationSceneManifest_Generation = YES;
				INFOPLIST_KEY_UIApplicationSupportsIndirectInputEvents = YES;
				INFOPLIST_KEY_UILaunchScreen_Generation = YES;
				INFOPLIST_KEY_UISupportedInterfaceOrientations_iPad = "UIInterfaceOrientationPortrait UIInterfaceOrientationPortraitUpsideDown UIInterfaceOrientationLandscapeLeft UIInterfaceOrientationLandscapeRight";
				INFOPLIST_KEY_UISupportedInterfaceOrientations_iPhone = "UIInterfaceOrientationPortrait UIInterfaceOrientationLandscapeLeft UIInterfaceOrientationLandscapeRight";
				IPHONEOS_DEPLOYMENT_TARGET = 16.4;
				LD_RUNPATH_SEARCH_PATHS = (
					"$(inherited)",
					"@executable_path/Frameworks",
				);
				MARKETING_VERSION = 1.0;
				PRODUCT_BUNDLE_IDENTIFIER = "lv.rikharthu.Views-Playground";
				PRODUCT_NAME = "$(TARGET_NAME)";
				SWIFT_EMIT_LOC_STRINGS = YES;
				SWIFT_VERSION = 5.0;
				TARGETED_DEVICE_FAMILY = "1,2";
			};
			name = Release;
		};
		D5088FAB2982A77300088359 /* Debug */ = {
			isa = XCBuildConfiguration;
			buildSettings = {
				ALWAYS_SEARCH_USER_PATHS = NO;
				CLANG_ANALYZER_NONNULL = YES;
				CLANG_ANALYZER_NUMBER_OBJECT_CONVERSION = YES_AGGRESSIVE;
				CLANG_CXX_LANGUAGE_STANDARD = "gnu++20";
				CLANG_ENABLE_MODULES = YES;
				CLANG_ENABLE_OBJC_ARC = YES;
				CLANG_ENABLE_OBJC_WEAK = YES;
				CLANG_WARN_BLOCK_CAPTURE_AUTORELEASING = YES;
				CLANG_WARN_BOOL_CONVERSION = YES;
				CLANG_WARN_COMMA = YES;
				CLANG_WARN_CONSTANT_CONVERSION = YES;
				CLANG_WARN_DEPRECATED_OBJC_IMPLEMENTATIONS = YES;
				CLANG_WARN_DIRECT_OBJC_ISA_USAGE = YES_ERROR;
				CLANG_WARN_DOCUMENTATION_COMMENTS = YES;
				CLANG_WARN_EMPTY_BODY = YES;
				CLANG_WARN_ENUM_CONVERSION = YES;
				CLANG_WARN_INFINITE_RECURSION = YES;
				CLANG_WARN_INT_CONVERSION = YES;
				CLANG_WARN_NON_LITERAL_NULL_CONVERSION = YES;
				CLANG_WARN_OBJC_IMPLICIT_RETAIN_SELF = YES;
				CLANG_WARN_OBJC_LITERAL_CONVERSION = YES;
				CLANG_WARN_OBJC_ROOT_CLASS = YES_ERROR;
				CLANG_WARN_QUOTED_INCLUDE_IN_FRAMEWORK_HEADER = YES;
				CLANG_WARN_RANGE_LOOP_ANALYSIS = YES;
				CLANG_WARN_STRICT_PROTOTYPES = YES;
				CLANG_WARN_SUSPICIOUS_MOVE = YES;
				CLANG_WARN_UNGUARDED_AVAILABILITY = YES_AGGRESSIVE;
				CLANG_WARN_UNREACHABLE_CODE = YES;
				CLANG_WARN__DUPLICATE_METHOD_MATCH = YES;
				COPY_PHASE_STRIP = NO;
				DEBUG_INFORMATION_FORMAT = dwarf;
				ENABLE_STRICT_OBJC_MSGSEND = YES;
				ENABLE_TESTABILITY = YES;
				GCC_C_LANGUAGE_STANDARD = gnu11;
				GCC_DYNAMIC_NO_PIC = NO;
				GCC_NO_COMMON_BLOCKS = YES;
				GCC_OPTIMIZATION_LEVEL = 0;
				GCC_PREPROCESSOR_DEFINITIONS = (
					"DEBUG=1",
					"$(inherited)",
				);
				GCC_WARN_64_TO_32_BIT_CONVERSION = YES;
				GCC_WARN_ABOUT_RETURN_TYPE = YES_ERROR;
				GCC_WARN_UNDECLARED_SELECTOR = YES;
				GCC_WARN_UNINITIALIZED_AUTOS = YES_AGGRESSIVE;
				GCC_WARN_UNUSED_FUNCTION = YES;
				GCC_WARN_UNUSED_VARIABLE = YES;
				IPHONEOS_DEPLOYMENT_TARGET = 16.2;
				MTL_ENABLE_DEBUG_INFO = INCLUDE_SOURCE;
				MTL_FAST_MATH = YES;
				ONLY_ACTIVE_ARCH = YES;
				SDKROOT = iphoneos;
				SWIFT_ACTIVE_COMPILATION_CONDITIONS = DEBUG;
				SWIFT_OPTIMIZATION_LEVEL = "-Onone";
			};
			name = Debug;
		};
		D5088FAC2982A77300088359 /* Release */ = {
			isa = XCBuildConfiguration;
			buildSettings = {
				ALWAYS_SEARCH_USER_PATHS = NO;
				CLANG_ANALYZER_NONNULL = YES;
				CLANG_ANALYZER_NUMBER_OBJECT_CONVERSION = YES_AGGRESSIVE;
				CLANG_CXX_LANGUAGE_STANDARD = "gnu++20";
				CLANG_ENABLE_MODULES = YES;
				CLANG_ENABLE_OBJC_ARC = YES;
				CLANG_ENABLE_OBJC_WEAK = YES;
				CLANG_WARN_BLOCK_CAPTURE_AUTORELEASING = YES;
				CLANG_WARN_BOOL_CONVERSION = YES;
				CLANG_WARN_COMMA = YES;
				CLANG_WARN_CONSTANT_CONVERSION = YES;
				CLANG_WARN_DEPRECATED_OBJC_IMPLEMENTATIONS = YES;
				CLANG_WARN_DIRECT_OBJC_ISA_USAGE = YES_ERROR;
				CLANG_WARN_DOCUMENTATION_COMMENTS = YES;
				CLANG_WARN_EMPTY_BODY = YES;
				CLANG_WARN_ENUM_CONVERSION = YES;
				CLANG_WARN_INFINITE_RECURSION = YES;
				CLANG_WARN_INT_CONVERSION = YES;
				CLANG_WARN_NON_LITERAL_NULL_CONVERSION = YES;
				CLANG_WARN_OBJC_IMPLICIT_RETAIN_SELF = YES;
				CLANG_WARN_OBJC_LITERAL_CONVERSION = YES;
				CLANG_WARN_OBJC_ROOT_CLASS = YES_ERROR;
				CLANG_WARN_QUOTED_INCLUDE_IN_FRAMEWORK_HEADER = YES;
				CLANG_WARN_RANGE_LOOP_ANALYSIS = YES;
				CLANG_WARN_STRICT_PROTOTYPES = YES;
				CLANG_WARN_SUSPICIOUS_MOVE = YES;
				CLANG_WARN_UNGUARDED_AVAILABILITY = YES_AGGRESSIVE;
				CLANG_WARN_UNREACHABLE_CODE = YES;
				CLANG_WARN__DUPLICATE_METHOD_MATCH = YES;
				COPY_PHASE_STRIP = NO;
				DEBUG_INFORMATION_FORMAT = "dwarf-with-dsym";
				ENABLE_NS_ASSERTIONS = NO;
				ENABLE_STRICT_OBJC_MSGSEND = YES;
				GCC_C_LANGUAGE_STANDARD = gnu11;
				GCC_NO_COMMON_BLOCKS = YES;
				GCC_WARN_64_TO_32_BIT_CONVERSION = YES;
				GCC_WARN_ABOUT_RETURN_TYPE = YES_ERROR;
				GCC_WARN_UNDECLARED_SELECTOR = YES;
				GCC_WARN_UNINITIALIZED_AUTOS = YES_AGGRESSIVE;
				GCC_WARN_UNUSED_FUNCTION = YES;
				GCC_WARN_UNUSED_VARIABLE = YES;
				IPHONEOS_DEPLOYMENT_TARGET = 16.2;
				MTL_ENABLE_DEBUG_INFO = NO;
				MTL_FAST_MATH = YES;
				SDKROOT = iphoneos;
				SWIFT_COMPILATION_MODE = wholemodule;
				SWIFT_OPTIMIZATION_LEVEL = "-O";
				VALIDATE_PRODUCT = YES;
			};
			name = Release;
		};
		D5088FAE2982A77300088359 /* Debug */ = {
			isa = XCBuildConfiguration;
			buildSettings = {
				ASSETCATALOG_COMPILER_APPICON_NAME = AppIcon;
				ASSETCATALOG_COMPILER_GLOBAL_ACCENT_COLOR_NAME = AccentColor;
				CLANG_ENABLE_MODULES = YES;
				CODE_SIGN_STYLE = Automatic;
				CURRENT_PROJECT_VERSION = 1;
				DEVELOPMENT_ASSET_PATHS = "\"Wallpaper Previewer/Preview Content\"";
				DEVELOPMENT_TEAM = P5S7UA87V6;
				ENABLE_PREVIEWS = YES;
				GENERATE_INFOPLIST_FILE = YES;
				INFOPLIST_KEY_NSCameraUsageDescription = "Camera is required";
				INFOPLIST_KEY_NSPhotoLibraryUsageDescription = "App needs to save pictures in your photo library";
				INFOPLIST_KEY_UIApplicationSceneManifest_Generation = YES;
				INFOPLIST_KEY_UIApplicationSupportsIndirectInputEvents = YES;
				INFOPLIST_KEY_UILaunchScreen_Generation = YES;
				INFOPLIST_KEY_UISupportedInterfaceOrientations_iPad = "UIInterfaceOrientationPortrait UIInterfaceOrientationPortraitUpsideDown UIInterfaceOrientationLandscapeLeft UIInterfaceOrientationLandscapeRight";
				INFOPLIST_KEY_UISupportedInterfaceOrientations_iPhone = "UIInterfaceOrientationPortrait UIInterfaceOrientationLandscapeLeft UIInterfaceOrientationLandscapeRight";
				INFOPLIST_KEY_UIUserInterfaceStyle = Light;
				LD_RUNPATH_SEARCH_PATHS = (
					"$(inherited)",
					"@executable_path/Frameworks",
				);
				"LIBRARY_SEARCH_PATHS[sdk=iphoneos*][arch=arm64]" = "$(PROJECT_DIR)/target/aarch64-apple-ios/release";
				"LIBRARY_SEARCH_PATHS[sdk=iphonesimulator*][arch=arm64]" = "$(PROJECT_DIR)/target/aarch64-apple-ios-sim/release";
				"LIBRARY_SEARCH_PATHS[sdk=iphonesimulator*][arch=x86_64]" = "$(PROJECT_DIR)/target/x86_64-apple-ios/release";
				MARKETING_VERSION = 1.0;
				PRODUCT_BUNDLE_IDENTIFIER = "lv.rikharthu.Wallpaper-Previewer";
				PRODUCT_NAME = "$(TARGET_NAME)";
				SUPPORTED_PLATFORMS = "iphoneos iphonesimulator";
				SUPPORTS_MACCATALYST = NO;
				SUPPORTS_MAC_DESIGNED_FOR_IPHONE_IPAD = NO;
				SWIFT_EMIT_LOC_STRINGS = YES;
				SWIFT_OBJC_BRIDGING_HEADER = "$(PROJECT_DIR)/Wallpaper Previewer/FfiBridge.h";
				SWIFT_OPTIMIZATION_LEVEL = "-Onone";
				SWIFT_VERSION = 5.0;
				TARGETED_DEVICE_FAMILY = "1,2";
				buildvariant = debug;
			};
			name = Debug;
		};
		D5088FAF2982A77300088359 /* Release */ = {
			isa = XCBuildConfiguration;
			buildSettings = {
				ASSETCATALOG_COMPILER_APPICON_NAME = AppIcon;
				ASSETCATALOG_COMPILER_GLOBAL_ACCENT_COLOR_NAME = AccentColor;
				CLANG_ENABLE_MODULES = YES;
				CODE_SIGN_STYLE = Automatic;
				CURRENT_PROJECT_VERSION = 1;
				DEVELOPMENT_ASSET_PATHS = "\"Wallpaper Previewer/Preview Content\"";
				DEVELOPMENT_TEAM = P5S7UA87V6;
				ENABLE_PREVIEWS = YES;
				GENERATE_INFOPLIST_FILE = YES;
				INFOPLIST_KEY_NSCameraUsageDescription = "Camera is required";
				INFOPLIST_KEY_NSPhotoLibraryUsageDescription = "App needs to save pictures in your photo library";
				INFOPLIST_KEY_UIApplicationSceneManifest_Generation = YES;
				INFOPLIST_KEY_UIApplicationSupportsIndirectInputEvents = YES;
				INFOPLIST_KEY_UILaunchScreen_Generation = YES;
				INFOPLIST_KEY_UISupportedInterfaceOrientations_iPad = "UIInterfaceOrientationPortrait UIInterfaceOrientationPortraitUpsideDown UIInterfaceOrientationLandscapeLeft UIInterfaceOrientationLandscapeRight";
				INFOPLIST_KEY_UISupportedInterfaceOrientations_iPhone = "UIInterfaceOrientationPortrait UIInterfaceOrientationLandscapeLeft UIInterfaceOrientationLandscapeRight";
				INFOPLIST_KEY_UIUserInterfaceStyle = Light;
				LD_RUNPATH_SEARCH_PATHS = (
					"$(inherited)",
					"@executable_path/Frameworks",
				);
				"LIBRARY_SEARCH_PATHS[sdk=iphoneos*][arch=arm64]" = "$(PROJECT_DIR)/target/aarch64-apple-ios/release";
				"LIBRARY_SEARCH_PATHS[sdk=iphonesimulator*][arch=arm64]" = "$(PROJECT_DIR)/target/aarch64-apple-ios-sim/release";
				"LIBRARY_SEARCH_PATHS[sdk=iphonesimulator*][arch=x86_64]" = "$(PROJECT_DIR)/target/x86_64-apple-ios/release";
				MARKETING_VERSION = 1.0;
				PRODUCT_BUNDLE_IDENTIFIER = "lv.rikharthu.Wallpaper-Previewer";
				PRODUCT_NAME = "$(TARGET_NAME)";
				SUPPORTED_PLATFORMS = "iphoneos iphonesimulator";
				SUPPORTS_MACCATALYST = NO;
				SUPPORTS_MAC_DESIGNED_FOR_IPHONE_IPAD = NO;
				SWIFT_EMIT_LOC_STRINGS = YES;
				SWIFT_OBJC_BRIDGING_HEADER = "$(PROJECT_DIR)/Wallpaper Previewer/FfiBridge.h";
				SWIFT_VERSION = 5.0;
				TARGETED_DEVICE_FAMILY = "1,2";
				buildvariant = release;
			};
			name = Release;
		};
		D58811A6299E26F2000F815C /* Debug */ = {
			isa = XCBuildConfiguration;
			buildSettings = {
				BUNDLE_LOADER = "$(TEST_HOST)";
				CODE_SIGN_STYLE = Automatic;
				CURRENT_PROJECT_VERSION = 1;
				DEVELOPMENT_TEAM = P5S7UA87V6;
				GENERATE_INFOPLIST_FILE = YES;
				MARKETING_VERSION = 1.0;
				PRODUCT_BUNDLE_IDENTIFIER = "lv.rikharthu.Wallpaper-Previewer-Tests";
				PRODUCT_NAME = "$(TARGET_NAME)";
				SWIFT_EMIT_LOC_STRINGS = NO;
				SWIFT_VERSION = 5.0;
				TARGETED_DEVICE_FAMILY = "1,2";
				TEST_HOST = "$(BUILT_PRODUCTS_DIR)/Wallpaper Previewer.app/$(BUNDLE_EXECUTABLE_FOLDER_PATH)/Wallpaper Previewer";
			};
			name = Debug;
		};
		D58811A7299E26F2000F815C /* Release */ = {
			isa = XCBuildConfiguration;
			buildSettings = {
				BUNDLE_LOADER = "$(TEST_HOST)";
				CODE_SIGN_STYLE = Automatic;
				CURRENT_PROJECT_VERSION = 1;
				DEVELOPMENT_TEAM = P5S7UA87V6;
				GENERATE_INFOPLIST_FILE = YES;
				MARKETING_VERSION = 1.0;
				PRODUCT_BUNDLE_IDENTIFIER = "lv.rikharthu.Wallpaper-Previewer-Tests";
				PRODUCT_NAME = "$(TARGET_NAME)";
				SWIFT_EMIT_LOC_STRINGS = NO;
				SWIFT_VERSION = 5.0;
				TARGETED_DEVICE_FAMILY = "1,2";
				TEST_HOST = "$(BUILT_PRODUCTS_DIR)/Wallpaper Previewer.app/$(BUNDLE_EXECUTABLE_FOLDER_PATH)/Wallpaper Previewer";
			};
			name = Release;
		};
		D58811B5299E27F7000F815C /* Debug */ = {
			isa = XCBuildConfiguration;
			buildSettings = {
				CODE_SIGN_STYLE = Automatic;
				CURRENT_PROJECT_VERSION = 1;
				DEVELOPMENT_TEAM = P5S7UA87V6;
				GENERATE_INFOPLIST_FILE = YES;
				MARKETING_VERSION = 1.0;
				PRODUCT_BUNDLE_IDENTIFIER = "lv.rikharthu.Wallpaper-Previewer-UITests";
				PRODUCT_NAME = "$(TARGET_NAME)";
				SWIFT_EMIT_LOC_STRINGS = NO;
				SWIFT_VERSION = 5.0;
				TARGETED_DEVICE_FAMILY = "1,2";
				TEST_TARGET_NAME = "Wallpaper Previewer";
			};
			name = Debug;
		};
		D58811B6299E27F7000F815C /* Release */ = {
			isa = XCBuildConfiguration;
			buildSettings = {
				CODE_SIGN_STYLE = Automatic;
				CURRENT_PROJECT_VERSION = 1;
				DEVELOPMENT_TEAM = P5S7UA87V6;
				GENERATE_INFOPLIST_FILE = YES;
				MARKETING_VERSION = 1.0;
				PRODUCT_BUNDLE_IDENTIFIER = "lv.rikharthu.Wallpaper-Previewer-UITests";
				PRODUCT_NAME = "$(TARGET_NAME)";
				SWIFT_EMIT_LOC_STRINGS = NO;
				SWIFT_VERSION = 5.0;
				TARGETED_DEVICE_FAMILY = "1,2";
				TEST_TARGET_NAME = "Wallpaper Previewer";
			};
			name = Release;
		};
/* End XCBuildConfiguration section */

/* Begin XCConfigurationList section */
		D50380B82AB205DC007933A6 /* Build configuration list for PBXNativeTarget "Views Playground" */ = {
			isa = XCConfigurationList;
			buildConfigurations = (
				D50380B92AB205DC007933A6 /* Debug */,
				D50380BA2AB205DC007933A6 /* Release */,
			);
			defaultConfigurationIsVisible = 0;
			defaultConfigurationName = Release;
		};
		D5088F9A2982A77200088359 /* Build configuration list for PBXProject "Wallpaper Previewer" */ = {
			isa = XCConfigurationList;
			buildConfigurations = (
				D5088FAB2982A77300088359 /* Debug */,
				D5088FAC2982A77300088359 /* Release */,
			);
			defaultConfigurationIsVisible = 0;
			defaultConfigurationName = Release;
		};
		D5088FAD2982A77300088359 /* Build configuration list for PBXNativeTarget "Wallpaper Previewer" */ = {
			isa = XCConfigurationList;
			buildConfigurations = (
				D5088FAE2982A77300088359 /* Debug */,
				D5088FAF2982A77300088359 /* Release */,
			);
			defaultConfigurationIsVisible = 0;
			defaultConfigurationName = Release;
		};
		D58811A5299E26F2000F815C /* Build configuration list for PBXNativeTarget "Wallpaper Previewer Tests" */ = {
			isa = XCConfigurationList;
			buildConfigurations = (
				D58811A6299E26F2000F815C /* Debug */,
				D58811A7299E26F2000F815C /* Release */,
			);
			defaultConfigurationIsVisible = 0;
			defaultConfigurationName = Release;
		};
		D58811B4299E27F7000F815C /* Build configuration list for PBXNativeTarget "Wallpaper Previewer UITests" */ = {
			isa = XCConfigurationList;
			buildConfigurations = (
				D58811B5299E27F7000F815C /* Debug */,
				D58811B6299E27F7000F815C /* Release */,
			);
			defaultConfigurationIsVisible = 0;
			defaultConfigurationName = Release;
		};
/* End XCConfigurationList section */

/* Begin XCRemoteSwiftPackageReference section */
		D5A41CB629E1D84400693D9C /* XCRemoteSwiftPackageReference "swift-composable-architecture" */ = {
			isa = XCRemoteSwiftPackageReference;
			repositoryURL = "https://github.com/pointfreeco/swift-composable-architecture";
			requirement = {
				kind = upToNextMajorVersion;
				minimumVersion = 0.52.0;
			};
		};
/* End XCRemoteSwiftPackageReference section */

/* Begin XCSwiftPackageProductDependency section */
		D5A41CB729E1D84400693D9C /* ComposableArchitecture */ = {
			isa = XCSwiftPackageProductDependency;
			package = D5A41CB629E1D84400693D9C /* XCRemoteSwiftPackageReference "swift-composable-architecture" */;
			productName = ComposableArchitecture;
		};
/* End XCSwiftPackageProductDependency section */
	};
	rootObject = D5088F972982A77200088359 /* Project object */;
}
